{
  "version": 1,
  "dependencies": {
    "net10.0": {
      "Azure.Core": {
        "type": "Direct",
        "requested": "[1.*, )",
        "resolved": "1.60.0",
        "contentHash": "qCa5DLAq0w14aTl9/bvMZNA/QxPzYj1a4zakrpeudxWd4D4YliRHRfccD3yFECeHkMkvQjMmyWLggb8bzhDVKA==",
        "dependencies": {
          "Microsoft.Bcl.AsyncInterfaces": "10.0.9",
          "Microsoft.Identity.Client": "4.84.2",
          "Microsoft.Identity.Client.Extensions.Msal": "4.84.2",
          "System.ClientModel": "1.14.0",
          "System.Memory.Data": "10.0.9"
        }
      },
      "Azure.Extensions.AspNetCore.Configuration.Secrets": {
        "type": "Direct",
        "requested": "[1.*, )",
        "resolved": "1.5.1",
        "contentHash": "2Io9af/y8GH1jfu//BQrYcwb+MZOJG+au2KCv+ltWM6PBCghbhaDyZWDkYWNWIougZgoHtyKM0CnlGi+9XAu/A==",
        "dependencies": {
          "Azure.Core": "1.54.0",
          "Azure.Security.KeyVault.Secrets": "4.10.0"
        }
      },
      "Azure.Identity": {
        "type": "Direct",
        "requested": "[1.*, )",
        "resolved": "1.21.0",
        "contentHash": "GeFv8sGwRKvDKwI2WFy8r0mhmlxEVZg24Sit2NogTjiSO8RVjllWM65OT6e1sKjOvG8V74y7hAbaELUUPjZQSw==",
        "dependencies": {
          "Azure.Core": "1.53.0"
        }
      },
      "Azure.Monitor.OpenTelemetry.AspNetCore": {
        "type": "Direct",
        "requested": "[1.*, )",
        "resolved": "1.5.0",
        "contentHash": "jXyeb4E5gB/VQt3EkNEyP1L+TgRT/66RcN21o0QQ3cIVywZC7V7I42s9cA7Yy9Ezd4RnSqATHb/c76QIMixF1Q==",
        "dependencies": {
          "Azure.Core": "1.54.0",
          "Azure.Monitor.OpenTelemetry.Exporter": "1.8.0",
          "OpenTelemetry.Extensions.Hosting": "1.15.3",
          "OpenTelemetry.Instrumentation.AspNetCore": "1.15.2",
          "OpenTelemetry.Instrumentation.Http": "1.15.1"
        }
      },
      "Diginsight.Components": {
        "type": "Direct",
        "requested": "[1.*, )",
        "resolved": "1.0.0.104",
        "contentHash": "56ZGogu2Pxyfn7KOSUkElPY84lasLXVhdxlrOUi7BJTNQ9R7s2iOOkHApRoDPxPucgaveCPHpyqEhHrdG6PeXg==",
        "dependencies": {
          "Diginsight.Components.Abstractions": "1.0.0.104",
          "Diginsight.Core": "3.7.1.13",
          "Diginsight.Diagnostics": "3.7.1.13",
          "Microsoft.Identity.Client": "4.84.1",
          "Newtonsoft.Json": "13.0.4",
          "System.IdentityModel.Tokens.Jwt": "8.18.0",
          "System.Security.Cryptography.ProtectedData": "10.0.8"
        }
      },
      "Diginsight.Components.Configuration": {
        "type": "Direct",
        "requested": "[1.*, )",
        "resolved": "1.0.0.104",
        "contentHash": "9VNCnHKW5S6+85PNN2drwKDjQYKsL0kt6iUO2bT+hcweJhfiUrDSnSjSXYzusN+LOc6bcbqnEwKT1Wq9VAWu7w==",
        "dependencies": {
          "Azure.Core": "1.57.0",
          "Azure.Extensions.AspNetCore.Configuration.Secrets": "1.5.1",
          "Azure.Identity": "1.21.0",
          "Azure.Monitor.OpenTelemetry.AspNetCore": "1.5.0",
          "Diginsight.Components.Azure": "1.0.0.104",
          "Diginsight.Components.Configuration.Abstractions": "1.0.0.104",
          "Diginsight.Core": "3.7.1.13",
          "Diginsight.Diagnostics": "3.7.1.13",
          "Diginsight.Diagnostics.AspNetCore": "3.7.1.13",
          "Diginsight.Diagnostics.AspNetCore.OpenTelemetry": "3.7.1.13",
          "Diginsight.Diagnostics.Log4Net": "3.7.1.13",
          "Diginsight.Diagnostics.OpenTelemetry": "3.7.1.13",
          "Microsoft.Identity.Client": "4.84.1",
          "OpenTelemetry.Instrumentation.Runtime": "1.15.1",
          "Scrutor": "7.0.0"
        }
      },
      "Diginsight.Core": {
        "type": "Direct",
        "requested": "[3.7.*, )",
        "resolved": "3.7.1.13",
        "contentHash": "Ds14x3WIyHMqcFQCm3F+zVadxBCHrZllOiBmCbx9y4ClO9tjXyZmYL8WiM192I6taWqnd3Qs/7RU2WaPDYZ9Yw==",
        "dependencies": {
          "Diginsight.Polyfills": "3.7.1.13",
          "Scrutor": "7.0.0"
        }
      },
      "Diginsight.Diagnostics": {
        "type": "Direct",
        "requested": "[3.7.*, )",
        "resolved": "3.7.1.13",
        "contentHash": "/BpRk6KDh24mb2Goljs1+jXoh+Ll9fybwore00aI48owygZKDqdQi0ORTU+ppUOfRxB8Sx/OaGFeuZNa869QOg==",
        "dependencies": {
          "Diginsight.Stringify": "3.7.1.13",
          "Pastel": "7.0.1"
        }
      },
      "Diginsight.Diagnostics.AspNetCore.OpenTelemetry": {
        "type": "Direct",
        "requested": "[3.7.*, )",
        "resolved": "3.7.1.13",
        "contentHash": "LMwJS4pbNjtlqMW/DD7i2NfpHiNAHJSGNbYkO9QBZIMdMGfahirMQBsoZNUD0VB7JtYB5PLHZGNlyKEwIUZRSA==",
        "dependencies": {
          "Diginsight.Diagnostics.AspNetCore": "3.7.1.13",
          "Diginsight.Diagnostics.OpenTelemetry": "3.7.1.13"
        }
      },
      "Diginsight.Diagnostics.Log4Net": {
        "type": "Direct",
        "requested": "[3.7.*, )",
        "resolved": "3.7.1.13",
        "contentHash": "CmlGNa/ACeHOq4NMpu2FcpowHYJLChQbfhzVqKEVXP/BnIcv+xe1hkYTu124SlLcd1OsMVKYdSbIficjfjRhWw==",
        "dependencies": {
          "Diginsight.Diagnostics": "3.7.1.13",
          "Microsoft.Extensions.Logging.Log4Net.AspNetCore": "10.0.0"
        }
      },
      "log4net": {
        "type": "Direct",
        "requested": "[3.*, )",
        "resolved": "3.3.2",
        "contentHash": "fwRZAWPkK1zAlxAvn8lhfuHzQV+++F6ReJbimt9QIPwI4s2FSRjCZLgq5e12PTD5ynkPf/zGki6QbJ9LWQTeNg==",
        "dependencies": {
          "System.Configuration.ConfigurationManager": "4.5.0"
        }
      },
      "Microsoft.AspNetCore.Authentication.JwtBearer": {
        "type": "Direct",
        "requested": "[10.*, )",
        "resolved": "10.0.9",
        "contentHash": "Hs5NDsGm8YicDDNx5RoBIT+H2AB9R27MvZ2gHoupTiHr+nnH3VxzY7DcmlbJ3b5DvvOhK35lWt/9Odtrq9sjtA==",
        "dependencies": {
          "Microsoft.IdentityModel.Protocols.OpenIdConnect": "8.0.1"
        }
      },
      "Microsoft.AspNetCore.Components.WebAssembly.Server": {
        "type": "Direct",
        "requested": "[10.0.9, )",
        "resolved": "10.0.9",
        "contentHash": "ZTtYvBILwGxhIiXi1L03ETBBOgMmizStu7dO/YblK6rPTa27wpEgYKp5Z9bUfr+wsFvHIDWd/ZMGb9on41f6yw==",
        "dependencies": {
          "Microsoft.AspNetCore.Components.WebAssembly": "10.0.9"
        }
      },
      "Microsoft.AspNetCore.OpenApi": {
        "type": "Direct",
        "requested": "[10.0.9, )",
        "resolved": "10.0.9",
        "contentHash": "1ihb8FO9cGgEK1/m3CTtT/SfnynwmiZib0W2pcDVj3KSWk/Sca4VOXEtaptKQc582zpFrzTFiwkGRCglt6H+WQ==",
        "dependencies": {
          "Microsoft.OpenApi": "2.0.0"
        }
      },
      "Microsoft.Identity.Web": {
        "type": "Direct",
        "requested": "[3.9.4, )",
        "resolved": "3.9.4",
        "contentHash": "pcvIoanA5PQ4AK6kJPNHsCsaUikOt2z/3jVe9kN9JH+Bjw7ka7SNCEttWACWIC4rG1Jz5EY1awacLWG7HABsrg==",
        "dependencies": {
          "Microsoft.Identity.Web.Certificate": "3.9.4",
          "Microsoft.Identity.Web.Certificateless": "3.9.4",
          "Microsoft.Identity.Web.TokenAcquisition": "3.9.4",
          "Microsoft.Identity.Web.TokenCache": "3.9.4",
          "Microsoft.IdentityModel.Protocols.OpenIdConnect": "8.12.1",
          "Microsoft.IdentityModel.Validators": "8.12.1",
          "System.IdentityModel.Tokens.Jwt": "8.12.1"
        }
      },
      "Microsoft.Identity.Web.UI": {
        "type": "Direct",
        "requested": "[3.9.4, )",
        "resolved": "3.9.4",
        "contentHash": "rNOkk/lfA2to3MEd5TbCQ9J0fUN+Qtlwr6KkQ1Ejm6lxsja0+M4Oi5cjwRcEP/S5SbpwIrE18JGKOMNxmu80Xg==",
        "dependencies": {
          "Microsoft.Identity.Web": "3.9.4"
        }
      },
      "Microsoft.SourceLink.GitHub": {
        "type": "Direct",
        "requested": "[8.*, )",
        "resolved": "8.0.0",
        "contentHash": "G5q7OqtwIyGTkeIOAc3u2ZuV/kicQaec5EaRnc0pIeSnh9LUjj+PYQrJYBURvDt7twGl2PKA7nSN0kz1Zw5bnQ==",
        "dependencies": {
          "Microsoft.Build.Tasks.Git": "8.0.0",
          "Microsoft.SourceLink.Common": "8.0.0"
        }
      },
      "OpenTelemetry": {
        "type": "Direct",
        "requested": "[1.*, )",
        "resolved": "1.16.0",
        "contentHash": "nE/Px3MUvQC8c0UG0DOP5OJE7vMtiMaPYi/6TkSS/o/O0s/oPq+8WaPYTVEPzb7lwu/QyLgknc+sFm2FjPXe2A==",
        "dependencies": {
          "OpenTelemetry.Api.ProviderBuilderExtensions": "1.16.0"
        }
      },
      "OpenTelemetry.Exporter.Console": {
        "type": "Direct",
        "requested": "[1.*, )",
        "resolved": "1.16.0",
        "contentHash": "cv3pKEn3KyJUNz9o8kvu5UN0NJEUoNSo5hJR4rgbfvqM6oA3moj+tkpbbQrE3bDvetBvYBes17ZxQxBBTvnJ+w==",
        "dependencies": {
          "OpenTelemetry": "1.16.0"
        }
      },
      "OpenTelemetry.Exporter.OpenTelemetryProtocol": {
        "type": "Direct",
        "requested": "[1.*, )",
        "resolved": "1.16.0",
        "contentHash": "gzYLY8sVDY5FYtVlCYSzBYX53xslRlvBLxwFYOdNIhc76SgKdFYUoDQXOeQI3WPBCrZp51QNcP6fZHh1+HtpIQ==",
        "dependencies": {
          "OpenTelemetry": "1.16.0"
        }
      },
      "OpenTelemetry.Extensions.Hosting": {
        "type": "Direct",
        "requested": "[1.*, )",
        "resolved": "1.16.0",
        "contentHash": "/YfrO5MRaA156vhNanYGPX2JjOwKUrA0+Jf7ltT2eD3VkfHqXcEJY5Oxt/nWH8lqBOTc1nJpn2soBtD5Cml8Dg==",
        "dependencies": {
          "OpenTelemetry": "1.16.0"
        }
      },
      "OpenTelemetry.Instrumentation.AspNetCore": {
        "type": "Direct",
        "requested": "[1.*, )",
        "resolved": "1.16.0",
        "contentHash": "vSC5EsmBVNcqXMh9BGkkq8zkoUjrg8ghBDb9zbKR8Bqjd05utjVgVft+fqsqQVsvlV5olGj1pBliHBngcIGSIg==",
        "dependencies": {
          "OpenTelemetry.Api.ProviderBuilderExtensions": "[1.16.0, 2.0.0)"
        }
      },
      "OpenTelemetry.Instrumentation.Http": {
        "type": "Direct",
        "requested": "[1.*, )",
        "resolved": "1.16.0",
        "contentHash": "+Sz3lfvMXwWE8s/sMruHCDlO/+cArFVc6oBg1tCb70BKlL9FCC7uK4Ar2/VP9Hhwvs+UwaW1vGzE/uiByVHXiA==",
        "dependencies": {
          "OpenTelemetry.Api.ProviderBuilderExtensions": "[1.16.0, 2.0.0)"
        }
      },
      "OpenTelemetry.Instrumentation.Runtime": {
        "type": "Direct",
        "requested": "[1.*, )",
        "resolved": "1.15.1",
        "contentHash": "cpPwlUT5HXcLGPaIgsbSy0W9eFYAPGVbTP1p8/uyQ4Osvf5BJuPpEXE7crL09SmEd44r0DGNKDtsqxaAz0HxQw==",
        "dependencies": {
          "OpenTelemetry.Api": "[1.15.3, 2.0.0)"
        }
      },
      "Swashbuckle.AspNetCore.SwaggerUI": {
        "type": "Direct",
        "requested": "[10.2.3, )",
        "resolved": "10.2.3",
        "contentHash": "nthWONRs/FJ4yyG206g1cC52WEG8EqrjuMWjGdR+5XG7lbjFto6NqcI9EMICgVFom/UivIjUVwI76ZHbHwTPfQ=="
      },
      "Azure.Data.Tables": {
        "type": "Transitive",
        "resolved": "12.11.0",
        "contentHash": "MabH2HegMvZA1ocaMhEfW/idyTa3CoH64s43/V9/KFRGdVqEj0EETvd3ItDe6Bbs2teiR40KE9Kz9NLDc5DJJw==",
        "dependencies": {
          "Azure.Core": "1.44.1"
        }
      },
      "Azure.Monitor.OpenTelemetry.Exporter": {
        "type": "Transitive",
        "resolved": "1.8.0",
        "contentHash": "JbNUQIK7uZ7Mg2fZzdsjqC/eso3Ag/tMwCqYvGvedyE1fObe6JAwCaCSMZDMrhrAaFn8x8+ZaKJelfcEK5MCcg==",
        "dependencies": {
          "Azure.Core": "1.54.0",
          "OpenTelemetry.Extensions.Hosting": "1.15.3",
          "OpenTelemetry.PersistentStorage.FileSystem": "1.0.3"
        }
      },
      "Azure.Security.KeyVault.Certificates": {
        "type": "Transitive",
        "resolved": "4.6.0",
        "contentHash": "e2ATU/n2ZDL/S8A8EdrcfKEvKc2BojCrrSpmM+JKnrSTQS32x/W0Ldu8utk+epLKwXvSJRSWtlgdo7X8hG1mCg==",
        "dependencies": {
          "Azure.Core": "1.37.0"
        }
      },
      "Azure.Security.KeyVault.Secrets": {
        "type": "Transitive",
        "resolved": "4.10.0",
        "contentHash": "lcJtcgTkk1gGy59RQhGLJLMyad+zgASMn975PVjMft69q+jjFTo6Nyq5SCtOhPY1WvA0gNI1qYIVN2oikVXDjw==",
        "dependencies": {
          "Azure.Core": "1.53.0"
        }
      },
      "Diginsight.AspNetCore": {
        "type": "Transitive",
        "resolved": "3.7.1.13",
        "contentHash": "R2eK38IWYYJX2VKtwWITvwkTjUQ8Y3//PoGhhKyfC7wYgAzapum0RCCg893wQyupYqLWYz+FSy1GDCNBgN8x3w==",
        "dependencies": {
          "Diginsight.Core": "3.7.1.13",
          "Scrutor": "7.0.0"
        }
      },
      "Diginsight.Components.Abstractions": {
        "type": "Transitive",
        "resolved": "1.0.0.104",
        "contentHash": "GlZ+Z4O7YN5pzbId5AoozuWci1EfnMbHdpj6vr64Rges2aJX654E3FkplBgUcFU1ZPHUOs2okc35247iP2dWAw==",
        "dependencies": {
          "Microsoft.Identity.Client": "4.84.1"
        }
      },
      "Diginsight.Components.Azure": {
        "type": "Transitive",
        "resolved": "1.0.0.104",
        "contentHash": "7hhK8tNdZ2BqtN4DqI8DJXXNON+Qe8+0I25IgbsgZWTlv7nTmvQM4F4HWyhlCdMaaauHLjQL2wYVCnNg+kdLow==",
        "dependencies": {
          "Azure.Data.Tables": "12.11.0",
          "Diginsight.Components": "1.0.0.104",
          "Diginsight.Components.Azure.Abstractions": "1.0.0.104",
          "Diginsight.Components.Configuration.Abstractions": "1.0.0.104",
          "Diginsight.Core": "3.7.1.13",
          "Diginsight.Diagnostics": "3.7.1.13",
          "Microsoft.Azure.Cosmos": "3.60.0",
          "System.Linq.Async": "7.0.1",
          "System.Linq.Async.Queryable": "7.0.1"
        }
      },
      "Diginsight.Components.Azure.Abstractions": {
        "type": "Transitive",
        "resolved": "1.0.0.104",
        "contentHash": "hswUFxPOhkvcj29wmF+aUwq+odaznX8YwjGj/DuPXKorY1x3wN/gAbA4t7x+4U4Cae/NUatvZeGFZIJpiWJcZw==",
        "dependencies": {
          "Azure.Data.Tables": "12.11.0"
        }
      },
      "Diginsight.Components.Configuration.Abstractions": {
        "type": "Transitive",
        "resolved": "1.0.0.104",
        "contentHash": "uaeCAtOQrn7MuSk/GOiIB5kvOiMaC78z2qrgrLhfXWKep5l2sqGWKb7UDLAEER/Jx5oMQ2RFkH7rM/JD1FtEnQ==",
        "dependencies": {
          "Diginsight.Core": "3.7.1.13",
          "Diginsight.Diagnostics": "3.7.1.13"
        }
      },
      "Diginsight.Diagnostics.AspNetCore": {
        "type": "Transitive",
        "resolved": "3.7.1.13",
        "contentHash": "bondYElMgAswOSfHzq4an1N8vfy5uRtjqpTugeSwiHKdww3UhrHvChQehEJreDl0Pi2Hkuv4JgJ1i1l8ixZW2A==",
        "dependencies": {
          "Diginsight.AspNetCore": "3.7.1.13",
          "Diginsight.Diagnostics": "3.7.1.13"
        }
      },
      "Diginsight.Diagnostics.OpenTelemetry": {
        "type": "Transitive",
        "resolved": "3.7.1.13",
        "contentHash": "YiRVCgzkBqWTIdCPz1YDKdn6Oex4mumYHuDnoh/HrDv9roCC13o7FjBKN/NpZ2dvSChFf8vepA0YG59P9pwmTA==",
        "dependencies": {
          "Diginsight.Diagnostics": "3.7.1.13",
          "OpenTelemetry.Extensions.Hosting": "1.15.3"
        }
      },
      "Diginsight.Polyfills": {
        "type": "Transitive",
        "resolved": "3.7.1.13",
        "contentHash": "yY4ERTz/zK/03uT0HjL5mcXCO3mpdWKA6QB+R1T0qCrKxRY6bq0ZB8PZT0EWDGqV6PsbEHHLOeYRo+FA4ypW6g=="
      },
      "Diginsight.Stringify": {
        "type": "Transitive",
        "resolved": "3.7.1.13",
        "contentHash": "2uZO2+2GhYlIxqvjh91zNBmTFZ7PZBuRNebnibu+AHZGXPWr5NPH07pTUlkWPDLbRWBQp5n7kpH9gjUxCanpXg==",
        "dependencies": {
          "Diginsight.Core": "3.7.1.13"
        }
      },
      "Microsoft.AspNetCore.Authentication.OpenIdConnect": {
        "type": "Transitive",
        "resolved": "9.0.0",
        "contentHash": "afrTDM8viZRruJGNkGa0pMhNqgjWBLln3DBPYrQaklOQn+wE9B5ZvOpi7l8l68JEwsBUVKteKyiY1ivPlK6kQw==",
        "dependencies": {
          "Microsoft.IdentityModel.Protocols.OpenIdConnect": "8.0.1"
        }
      },
      "Microsoft.AspNetCore.Components.WebAssembly": {
        "type": "Transitive",
        "resolved": "10.0.9",
        "contentHash": "tBv68AsZ3r6z2QdV2m3cSSKUCbvEscN8REpHxcUs22vlR6UjTz6IKdInKNREkJ/3G1AQrBKrRTdrfrHVffE8Iw==",
        "dependencies": {
          "Microsoft.JSInterop.WebAssembly": "10.0.9"
        }
      },
      "Microsoft.AspNetCore.Components.WebAssembly.Authentication": {
        "type": "Transitive",
        "resolved": "10.0.9",
        "contentHash": "xdphQ/KxFnpjKNtms9kQ0GaUngOLW9pVGIW3uxEC9CKoC7RJKsTvkCG4o+tGVsGNitQVKkmX0oKXgvF9LRFSvw=="
      },
      "Microsoft.Authentication.WebAssembly.Msal": {
        "type": "Transitive",
        "resolved": "10.0.9",
        "contentHash": "osPNxzxU6l8twqVZmCULZpqRYLP0M2Sc413/fiTOQlA5u9hBSj3/Rnfwyw7np9k4d3L6IGBbH79X7D/Jjo6cgA==",
        "dependencies": {
          "Microsoft.AspNetCore.Components.WebAssembly.Authentication": "10.0.9"
        }
      },
      "Microsoft.Azure.Cosmos": {
        "type": "Transitive",
        "resolved": "3.60.0",
        "contentHash": "v7ff0uqu1wSgtqkCjGywDCChzLZjC1xytH+0Dmq7IUwG2oaDpFrKioXTv3f+K8oCjnLDIxqrqe21CTY8kK7gVA==",
        "dependencies": {
          "Azure.Core": "1.44.1",
          "Microsoft.Bcl.AsyncInterfaces": "6.0.0",
          "Microsoft.Bcl.HashCode": "1.1.0",
          "System.Configuration.ConfigurationManager": "6.0.0"
        }
      },
      "Microsoft.Bcl.AsyncInterfaces": {
        "type": "Transitive",
        "resolved": "10.0.9",
        "contentHash": "Aq7M8lG6BrHeatqKqncVm9m55ec34k6nnfPRLe/PvGg+b/pAsRM2ejofeKmCLjTXMa+5NGXm382f8CG/D5WDow=="
      },
      "Microsoft.Bcl.HashCode": {
        "type": "Transitive",
        "resolved": "1.1.0",
        "contentHash": "J2G1k+u5unBV+aYcwxo94ip16Rkp65pgWFb0R6zwJipzWNMgvqlWeuI7/+R+e8bob66LnSG+llLJ+z8wI94cHg=="
      },
      "Microsoft.Build.Tasks.Git": {
        "type": "Transitive",
        "resolved": "8.0.0",
        "contentHash": "bZKfSIKJRXLTuSzLudMFte/8CempWjVamNUR5eHJizsy+iuOuO/k2gnh7W0dHJmYY0tBf+gUErfluCv5mySAOQ=="
      },
      "Microsoft.Extensions.DependencyModel": {
        "type": "Transitive",
        "resolved": "10.0.0",
        "contentHash": "RFYJR7APio/BiqdQunRq6DB+nDB6nc2qhHr77mlvZ0q0BT8PubMXN7XicmfzCbrDE/dzhBnUKBRXLTcqUiZDGg=="
      },
      "Microsoft.Extensions.Logging.Log4Net.AspNetCore": {
        "type": "Transitive",
        "resolved": "10.0.0",
        "contentHash": "ASXCV+/IuxGCiXjRnrdL1waRKaCDcxkdL1U2yqteJzGcyXN+qLf6wTLBR12sQIhK36d1um6P55AaWqlXf+X0xg==",
        "dependencies": {
          "log4net": "3.3.0"
        }
      },
      "Microsoft.Identity.Abstractions": {
        "type": "Transitive",
        "resolved": "9.1.0",
        "contentHash": "6xXC5DLWASaI/eyS7vq4Hs2MtC6wDBpQiMmSvg+KeQUpfOwbwaE/HRvaEB+Ic2DLdHizClPV5yg/HbtwbeGhNQ=="
      },
      "Microsoft.Identity.Client": {
        "type": "Transitive",
        "resolved": "4.84.2",
        "contentHash": "Va9FjmABSgj/lcUfHH0pBNQkmS7SNyepz2ERV7Yynp6QgEYpFdSqR6Vzy1WWipN8GS5pBHuXoZbqaDWuARCrHQ==",
        "dependencies": {
          "Microsoft.IdentityModel.Abstractions": "8.14.0"
        }
      },
      "Microsoft.Identity.Client.Extensions.Msal": {
        "type": "Transitive",
        "resolved": "4.84.2",
        "contentHash": "+D98LaU3dOu/Nzs6kgbBJapMvH7iwYcAeC99XwSkpmEadsPv6rozecOl9P6m4A3RfpOuPt9e6J6TwwUUp3+M4w==",
        "dependencies": {
          "Microsoft.Identity.Client": "4.84.2",
          "System.Security.Cryptography.ProtectedData": "4.5.0"
        }
      },
      "Microsoft.Identity.Web.Certificate": {
        "type": "Transitive",
        "resolved": "3.9.4",
        "contentHash": "+T6vimelYvIkVkLZKcFQfwCV9pkwu0kBxLkMw1y1HYLyN5LmSFMJAlq+XjtyHcdBcOJpSgA+a0/b/dfqMMc+Mg==",
        "dependencies": {
          "Azure.Identity": "1.11.4",
          "Azure.Security.KeyVault.Certificates": "4.6.0",
          "Azure.Security.KeyVault.Secrets": "4.6.0",
          "Microsoft.Identity.Abstractions": "9.1.0",
          "Microsoft.Identity.Web.Certificateless": "3.9.4",
          "Microsoft.Identity.Web.Diagnostics": "3.9.4"
        }
      },
      "Microsoft.Identity.Web.Certificateless": {
        "type": "Transitive",
        "resolved": "3.9.4",
        "contentHash": "pwVhrBj1VrG6wHqkNpcQNd3Dnb1M2HTBKYDnl/1hk6tVVdVYtZS/DpPdNFYXGukwjW2gYE15MLpQA/oREaDF/Q==",
        "dependencies": {
          "Microsoft.Identity.Client": "4.72.1",
          "Microsoft.IdentityModel.JsonWebTokens": "8.12.1"
        }
      },
      "Microsoft.Identity.Web.Diagnostics": {
        "type": "Transitive",
        "resolved": "3.9.4",
        "contentHash": "MnS4xOnrzHxNPz7ZCrUUZTMFwmeRmXGJ5BwsyFlkJWTF6KjDpBNIVX8hCy2d5X5ZnTvoH6qzY9d4MmAt0Lou2Q=="
      },
      "Microsoft.Identity.Web.TokenAcquisition": {
        "type": "Transitive",
        "resolved": "3.9.4",
        "contentHash": "A91AopQdcldS4P7N6tWAzttCDjjBv5VnQ7LLpciKYEonCdKXNRuCcwf0Dss7S4p4sZpTrd8gwf/cW8aaAnTmUw==",
        "dependencies": {
          "Microsoft.AspNetCore.Authentication.JwtBearer": "9.0.0",
          "Microsoft.AspNetCore.Authentication.OpenIdConnect": "9.0.0",
          "Microsoft.Identity.Abstractions": "9.1.0",
          "Microsoft.Identity.Web.Certificate": "3.9.4",
          "Microsoft.Identity.Web.Certificateless": "3.9.4",
          "Microsoft.Identity.Web.TokenCache": "3.9.4",
          "Microsoft.IdentityModel.Logging": "8.12.1",
          "Microsoft.IdentityModel.LoggingExtensions": "8.12.1",
          "Microsoft.IdentityModel.Protocols.OpenIdConnect": "8.12.1",
          "System.IdentityModel.Tokens.Jwt": "8.12.1"
        }
      },
      "Microsoft.Identity.Web.TokenCache": {
        "type": "Transitive",
        "resolved": "3.9.4",
        "contentHash": "+Dgkh3YUlaWswk0F9vArgrIluNe5eGePztf+IiRkJcOnXP/dbQk+AcSNWHTtiCWdG3RpwflKsTbOgUpwNtyTLw==",
        "dependencies": {
          "Microsoft.Identity.Client": "4.72.1",
          "Microsoft.Identity.Web.Diagnostics": "3.9.4",
          "System.Security.Cryptography.Pkcs": "9.0.0"
        }
      },
      "Microsoft.IdentityModel.Abstractions": {
        "type": "Transitive",
        "resolved": "8.18.0",
        "contentHash": "8VUcDy66uw1GUC/ytyRJAUgGxydPu2rLtUbUAiniCHd5SMB/01Q28XgqFyxIqb3srz6HWTgSsZdDbkdVJr3LXQ=="
      },
      "Microsoft.IdentityModel.JsonWebTokens": {
        "type": "Transitive",
        "resolved": "8.18.0",
        "contentHash": "ZUMJt3r1zOi67AVSfnh3u9hg9KCq06roOIX5gs7FqsucSZ/VTsI89DI9h2gHyU0xOtj/qVZV2ugWS6JlLMTwHQ==",
        "dependencies": {
          "Microsoft.IdentityModel.Tokens": "8.18.0"
        }
      },
      "Microsoft.IdentityModel.Logging": {
        "type": "Transitive",
        "resolved": "8.18.0",
        "contentHash": "c2l/VEtW1XI/ifcu49xzDwgrZZ0a0aX/TwCPC7mEHFQk/KixDgtSdjB5eDhYyCO38GJiRUjeRTz9aWCy1t55ww==",
        "dependencies": {
          "Microsoft.IdentityModel.Abstractions": "8.18.0"
        }
      },
      "Microsoft.IdentityModel.LoggingExtensions": {
        "type": "Transitive",
        "resolved": "8.12.1",
        "contentHash": "ac9Iz1ybs7A5AHnrXrOtcObRo0ZmVmQBti9XHMSVLz9WN62fd9R1UsliD9qqoUxX5og/aylpid9d4W9J22Ti2w==",
        "dependencies": {
          "Microsoft.IdentityModel.Abstractions": "8.12.1"
        }
      },
      "Microsoft.IdentityModel.Protocols": {
        "type": "Transitive",
        "resolved": "8.12.1",
        "contentHash": "+M1H++iZUISH76R0SEthCcYtMtX1HHL3Urhs8bprGl89eCVuJ/oYfyEqfgQZSF8ct7sDeOIFFeDtRi6hMJzYVw==",
        "dependencies": {
          "Microsoft.IdentityModel.Tokens": "8.12.1"
        }
      },
      "Microsoft.IdentityModel.Protocols.OpenIdConnect": {
        "type": "Transitive",
        "resolved": "8.12.1",
        "contentHash": "zw/suf3JPTfdLBHcymlUWONhZ1o/wU/OYcBmnluaTU7ziZylHPQIXxoF0byJcRUFtxhLz9KfeyaadQi7lpzJGA==",
        "dependencies": {
          "Microsoft.IdentityModel.Protocols": "8.12.1",
          "System.IdentityModel.Tokens.Jwt": "8.12.1"
        }
      },
      "Microsoft.IdentityModel.Tokens": {
        "type": "Transitive",
        "resolved": "8.18.0",
        "contentHash": "c6ksXXFj5oPPsl8pfsui5zv8Gs7uxrGetXCTc1p7k7Nue/C8iBMtAVgtRrH7Esqe596QWD7KS3exKYY1FJG2iw==",
        "dependencies": {
          "Microsoft.IdentityModel.Logging": "8.18.0"
        }
      },
      "Microsoft.IdentityModel.Validators": {
        "type": "Transitive",
        "resolved": "8.12.1",
        "contentHash": "tJIJfTL1ShyN165ZD5MrUkeO7IepREaREjEmjuVNIB8eDEEd/ZsDLWPeg4PyQWhabc+UW8Rao2o1ai5aVgELPQ==",
        "dependencies": {
          "Microsoft.IdentityModel.Protocols": "8.12.1",
          "Microsoft.IdentityModel.Protocols.OpenIdConnect": "8.12.1",
          "Microsoft.IdentityModel.Tokens": "8.12.1",
          "System.IdentityModel.Tokens.Jwt": "8.12.1"
        }
      },
      "Microsoft.JSInterop.WebAssembly": {
        "type": "Transitive",
        "resolved": "10.0.9",
        "contentHash": "4G0A7GuQrtCAes8PuJPTDUcy+lCrxHWjr8ZlkDOa4h8a2Txj1XdhbXKLnld2vMY5EyZNC5jZXxa1xTD/AOCUlw=="
      },
      "Microsoft.OpenApi": {
        "type": "Transitive",
        "resolved": "2.0.0",
        "contentHash": "GGYLfzV/G/ct80OZ45JxnWP7NvMX1BCugn/lX7TH5o0lcVaviavsLMTxmFV2AybXWjbi3h6FF1vgZiTK6PXndw=="
      },
      "Microsoft.SourceLink.Common": {
        "type": "Transitive",
        "resolved": "8.0.0",
        "contentHash": "dk9JPxTCIevS75HyEQ0E4OVAFhB2N+V9ShCXf8Q6FkUQZDkgLI12y679Nym1YqsiSysuQskT7Z+6nUf3yab6Vw=="
      },
      "Microsoft.Win32.SystemEvents": {
        "type": "Transitive",
        "resolved": "6.0.0",
        "contentHash": "hqTM5628jSsQiv+HGpiq3WKBl2c8v1KZfby2J6Pr7pEPlK9waPdgEO6b8A/+/xn/yZ9ulv8HuqK71ONy2tg67A=="
      },
      "Newtonsoft.Json": {
        "type": "Transitive",
        "resolved": "13.0.4",
        "contentHash": "pdgNNMai3zv51W5aq268sujXUyx7SNdE2bj1wZcWjAQrKMFZV260lbqYop1d2GM67JI1huLRwxo9ZqnfF/lC6A=="
      },
      "OpenTelemetry.Api": {
        "type": "Transitive",
        "resolved": "1.16.0",
        "contentHash": "WZP8Eb6vZTeNqeV+fjBitc7iefBoTHIhaWorqg/h/YiQBlcQJu0bICuTqKV0XRyjiE0eWs80yLlnUtHAFSkFWA=="
      },
      "OpenTelemetry.Api.ProviderBuilderExtensions": {
        "type": "Transitive",
        "resolved": "1.16.0",
        "contentHash": "hZwaHAkXvUNn9+cS+vEvYBgIrIQOQRz2cIRUODZ5gxHsDsLeNCueLgZFkybopjE0jUhLut6lm5eL3LTqbW0hMg==",
        "dependencies": {
          "OpenTelemetry.Api": "1.16.0"
        }
      },
      "OpenTelemetry.PersistentStorage.Abstractions": {
        "type": "Transitive",
        "resolved": "1.0.3",
        "contentHash": "7nSE1uLY0KOHRssg1xQydDZJ/s9zECOzFT/gSDIp1KTxbgd1yziuMTsdBKZ/N1BbpUxfH6Pjq5OMd7lYogwReA=="
      },
      "OpenTelemetry.PersistentStorage.FileSystem": {
        "type": "Transitive",
        "resolved": "1.0.3",
        "contentHash": "3k+yCroJcGBtZIia+0LgzMlBuD0U95BzcWNEGWedusBaRAD8EmkaCPAUwaCtFbb/Mg7HywbIG2zuenANPYFJ0g==",
        "dependencies": {
          "OpenTelemetry.PersistentStorage.Abstractions": "1.0.3"
        }
      },
      "Pastel": {
        "type": "Transitive",
        "resolved": "7.0.1",
        "contentHash": "qLANIt80UgHVjEWtDJBpqunbhfqUVcSrY8SaZcJpfFDq3ZzzQntsNyWyizb9UoNHqvK/wRgENdI163CymyEbmQ=="
      },
      "Scrutor": {
        "type": "Transitive",
        "resolved": "7.0.0",
        "contentHash": "wHWaroody48jnlLoq/REwUltIFLxplXyHTP+sttrc8P7+jkiVqf38afDidJNv4qgD/6zz2NKOYg06xLZ1bG7wQ==",
        "dependencies": {
          "Microsoft.Extensions.DependencyModel": "10.0.0"
        }
      },
      "System.ClientModel": {
        "type": "Transitive",
        "resolved": "1.14.0",
        "contentHash": "yhIJHDW3Hh5kcvhHv3ww1T8qvya06Nlwo/SR/rke4/fHXtyKiqQV/9b/VDhnVI7QUcMnpfvh4pIEFhNsTDLeKQ==",
        "dependencies": {
          "System.Memory.Data": "10.0.3"
        }
      },
      "System.Configuration.ConfigurationManager": {
        "type": "Transitive",
        "resolved": "6.0.0",
        "contentHash": "7T+m0kDSlIPTHIkPMIu6m6tV6qsMqJpvQWW2jIc2qi7sn40qxFo0q+7mEQAhMPXZHMKnWrnv47ntGlM/ejvw3g==",
        "dependencies": {
          "System.Security.Cryptography.ProtectedData": "6.0.0",
          "System.Security.Permissions": "6.0.0"
        }
      },
      "System.Drawing.Common": {
        "type": "Transitive",
        "resolved": "6.0.0",
        "contentHash": "NfuoKUiP2nUWwKZN6twGqXioIe1zVD0RIj2t976A+czLHr2nY454RwwXs6JU9Htc6mwqL6Dn/nEL3dpVf2jOhg==",
        "dependencies": {
          "Microsoft.Win32.SystemEvents": "6.0.0"
        }
      },
      "System.IdentityModel.Tokens.Jwt": {
        "type": "Transitive",
        "resolved": "8.18.0",
        "contentHash": "JxKlBca3/eXeH4koAGjEXOwrBdtwyDXwHXdYT5TQunp64TcVBl4wBCfmlGwhSG017Q/Qrz24leLxV6v2eknnJg==",
        "dependencies": {
          "Microsoft.IdentityModel.JsonWebTokens": "8.18.0",
          "Microsoft.IdentityModel.Tokens": "8.18.0"
        }
      },
      "System.Interactive.Async": {
        "type": "Transitive",
        "resolved": "7.0.1",
        "contentHash": "oL1iox7sAJL8i+muGzVMQjDB0axQgOoT5CkwYdap8cQJMkWDWMRErNqhOcZkn31+aKr/uCfgMEdhUARCU4G7gg=="
      },
      "System.Linq.Async": {
        "type": "Transitive",
        "resolved": "7.0.1",
        "contentHash": "gwQtBHVY/WgqWgAYSe4JspXR+f1FvMbVIW4ixsJpGV/Kj8Nun3zp1ajIdvCWfmac8ektJGVLiJ/OR8JU9nZnMg==",
        "dependencies": {
          "System.Interactive.Async": "7.0.1"
        }
      },
      "System.Linq.Async.Queryable": {
        "type": "Transitive",
        "resolved": "7.0.1",
        "contentHash": "kC3gqcz/yvrMUq6twgVtodTW3+vRCcx5NUijERHEPx1Ek+8ppNHb1MybYdHkUr9T2+kL6XMY9cbBRAesRVRG2A==",
        "dependencies": {
          "System.Linq.Async": "7.0.1"
        }
      },
      "System.Memory.Data": {
        "type": "Transitive",
        "resolved": "10.0.9",
        "contentHash": "YweovHiLUoEdbr2Xv8eRqCSkTu1vMms4a6xBHaQiMSFVy32PL+hXv6Vhol2NWOmLHjaVgTyhJ3R52U6JxS6w3Q=="
      },
      "System.Security.Cryptography.Pkcs": {
        "type": "Transitive",
        "resolved": "9.0.0",
        "contentHash": "8tluJF8w9si+2yoHeL8rgVJS6lKvWomTDC8px65Z8MCzzdME5eaPtEQf4OfVGrAxB5fW93ncucy1+221O9EQaw=="
      },
      "System.Security.Cryptography.ProtectedData": {
        "type": "Transitive",
        "resolved": "10.0.8",
        "contentHash": "/ldVgSfImIBp6fLWS7sLH0BnmtFj0ZwGlZo4Xx2q0K3ZhJNDbW45kj2f6zPoC+L+BTINuHdMzTsopuwmkbgcNA=="
      },
      "System.Security.Permissions": {
        "type": "Transitive",
        "resolved": "6.0.0",
        "contentHash": "T/uuc7AklkDoxmcJ7LGkyX1CcSviZuLCa4jg3PekfJ7SU0niF0IVTXwUiNVP9DSpzou2PpxJ+eNY2IfDM90ZCg==",
        "dependencies": {
          "System.Windows.Extensions": "6.0.0"
        }
      },
      "System.Windows.Extensions": {
        "type": "Transitive",
        "resolved": "6.0.0",
        "contentHash": "IXoJOXIqc39AIe+CIR7koBtRGMiCt/LPM3lI+PELtDIy9XdyeSrwXFdWV9dzJ2Awl0paLWUaknLxFQ5HpHZUog==",
        "dependencies": {
          "System.Drawing.Common": "6.0.0"
        }
      },
      "blazorapp.client": {
        "type": "Project",
        "dependencies": {
          "BlazorApp.Models": "[1.0.0, )",
          "Microsoft.AspNetCore.Components.WebAssembly": "[10.0.9, )",
          "Microsoft.Authentication.WebAssembly.Msal": "[10.0.9, )"
        }
      },
      "blazorapp.models": {
        "type": "Project"
      }
    }
  }
}