{
  "version": 1,
  "dependencies": {
    "net10.0": {
      "Azure.Data.Tables": {
        "type": "Direct",
        "requested": "[12.*, )",
        "resolved": "12.11.0",
        "contentHash": "MabH2HegMvZA1ocaMhEfW/idyTa3CoH64s43/V9/KFRGdVqEj0EETvd3ItDe6Bbs2teiR40KE9Kz9NLDc5DJJw==",
        "dependencies": {
          "Azure.Core": "1.44.1"
        }
      },
      "Diginsight.Components": {
        "type": "Direct",
        "requested": "[1.*, )",
        "resolved": "1.0.0.103",
        "contentHash": "NCffjFueR6pRPPgmWr2c9WYBC6D3lO5watyQKRNatIQdcixyJgpSNUF8Bq+/tQzPDjsGUVBJ7JZSd01ZFUA3iQ==",
        "dependencies": {
          "Diginsight.Components.Abstractions": "1.0.0.103",
          "Diginsight.Core": "3.7.1.13",
          "Diginsight.Diagnostics": "3.7.1.13",
          "Microsoft.Identity.Client": "4.84.0",
          "Newtonsoft.Json": "13.0.4",
          "System.IdentityModel.Tokens.Jwt": "8.18.0",
          "System.Security.Cryptography.ProtectedData": "9.0.16"
        }
      },
      "Diginsight.Components.Abstractions": {
        "type": "Direct",
        "requested": "[1.*, )",
        "resolved": "1.0.0.103",
        "contentHash": "+iy9nXoZI5Lxr0xVS8LxtMKrw3ynloNyY4+9pgs9TO+pOmz2Dc3L+RS0Sgvg0j3484WmXqunCWPbBuvV52+8fw==",
        "dependencies": {
          "Microsoft.Identity.Client": "4.84.0"
        }
      },
      "Diginsight.Components.Azure": {
        "type": "Direct",
        "requested": "[1.*, )",
        "resolved": "1.0.0.103",
        "contentHash": "qbSfie/R0/ldiSgo3nTTptaGaQMf8+NB0t1varJFyihCq6UKTjfoTp4kuAEJJJetYChHzFjecz006YGKOoVcRg==",
        "dependencies": {
          "Azure.Data.Tables": "12.11.0",
          "Diginsight.Components": "1.0.0.103",
          "Diginsight.Components.Azure.Abstractions": "1.0.0.103",
          "Diginsight.Components.Configuration.Abstractions": "1.0.0.103",
          "Diginsight.Core": "3.7.1.13",
          "Diginsight.Diagnostics": "3.7.1.13",
          "Microsoft.Azure.Cosmos": "3.60.0",
          "System.Linq.Async": "6.0.3",
          "System.Linq.Async.Queryable": "6.0.3"
        }
      },
      "Diginsight.Components.Azure.Abstractions": {
        "type": "Direct",
        "requested": "[1.*, )",
        "resolved": "1.0.0.103",
        "contentHash": "+shzlwN4v8pn/67kPvoDoQbjMuvbCqTzemWI2J8DkKqDxQb89vHIJaAd/bE3sXWwVdQ6IE4KaJ9mTcg7ds+bSw==",
        "dependencies": {
          "Azure.Data.Tables": "12.11.0"
        }
      },
      "Diginsight.Components.Configuration": {
        "type": "Direct",
        "requested": "[1.*, )",
        "resolved": "1.0.0.103",
        "contentHash": "u7Hz5t22RsVCBBnJ+HvMbZSQB6t8ffSycS1aosqxnuIwdhcXGiasMAUJhmicYRtHlx2sXSRfLcmnuErmzzttvA==",
        "dependencies": {
          "Azure.Core": "1.56.0",
          "Azure.Extensions.AspNetCore.Configuration.Secrets": "1.5.1",
          "Azure.Identity": "1.21.0",
          "Azure.Monitor.OpenTelemetry.AspNetCore": "1.5.0",
          "Diginsight.Components.Azure": "1.0.0.103",
          "Diginsight.Components.Configuration.Abstractions": "1.0.0.103",
          "Diginsight.Core": "3.7.1.13",
          "Diginsight.Diagnostics": "3.7.1.13",
          "Diginsight.Diagnostics.AspNetCore": "3.7.1.13",
          "Diginsight.Diagnostics.AspNetCore.OpenTelemetry": "3.7.1.13",
          "Diginsight.Diagnostics.Log4Net": "3.7.1.13",
          "Diginsight.Diagnostics.OpenTelemetry": "3.7.1.13",
          "Microsoft.Identity.Client": "4.84.0",
          "OpenTelemetry.Instrumentation.Runtime": "1.15.1",
          "Scrutor": "7.0.0"
        }
      },
      "Diginsight.Core": {
        "type": "Direct",
        "requested": "[3.7.*, )",
        "resolved": "3.7.1.13",
        "contentHash": "Ds14x3WIyHMqcFQCm3F+zVadxBCHrZllOiBmCbx9y4ClO9tjXyZmYL8WiM192I6taWqnd3Qs/7RU2WaPDYZ9Yw==",
        "dependencies": {
          "Diginsight.Polyfills": "3.7.1.13",
          "Scrutor": "7.0.0"
        }
      },
      "Diginsight.Diagnostics": {
        "type": "Direct",
        "requested": "[3.7.*, )",
        "resolved": "3.7.1.13",
        "contentHash": "/BpRk6KDh24mb2Goljs1+jXoh+Ll9fybwore00aI48owygZKDqdQi0ORTU+ppUOfRxB8Sx/OaGFeuZNa869QOg==",
        "dependencies": {
          "Diginsight.Stringify": "3.7.1.13",
          "Pastel": "7.0.1"
        }
      },
      "Diginsight.Diagnostics.AspNetCore.OpenTelemetry": {
        "type": "Direct",
        "requested": "[3.7.*, )",
        "resolved": "3.7.1.13",
        "contentHash": "LMwJS4pbNjtlqMW/DD7i2NfpHiNAHJSGNbYkO9QBZIMdMGfahirMQBsoZNUD0VB7JtYB5PLHZGNlyKEwIUZRSA==",
        "dependencies": {
          "Diginsight.Diagnostics.AspNetCore": "3.7.1.13",
          "Diginsight.Diagnostics.OpenTelemetry": "3.7.1.13"
        }
      },
      "Diginsight.Diagnostics.Log4Net": {
        "type": "Direct",
        "requested": "[3.7.*, )",
        "resolved": "3.7.1.13",
        "contentHash": "CmlGNa/ACeHOq4NMpu2FcpowHYJLChQbfhzVqKEVXP/BnIcv+xe1hkYTu124SlLcd1OsMVKYdSbIficjfjRhWw==",
        "dependencies": {
          "Diginsight.Diagnostics": "3.7.1.13",
          "Microsoft.Extensions.Logging.Log4Net.AspNetCore": "10.0.0"
        }
      },
      "Diginsight.SmartCache.Externalization.AspNetCore": {
        "type": "Direct",
        "requested": "[3.7.*, )",
        "resolved": "3.7.1.13",
        "contentHash": "z+wmKbyvdkRPZsuEEwOPOvDJOK+SAzS45Sf01zxoetZqxYNoaeJNTIogX0JayrmCk6jQqBg/1OqzyA1J8qMOSA==",
        "dependencies": {
          "Diginsight.AspNetCore": "3.7.1.13",
          "Diginsight.Diagnostics": "3.7.1.13",
          "Diginsight.SmartCache.Externalization.Http": "3.7.1.13"
        }
      },
      "Diginsight.SmartCache.Externalization.ServiceBus": {
        "type": "Direct",
        "requested": "[3.7.*, )",
        "resolved": "3.7.1.13",
        "contentHash": "AfbZ8w2Ag3gfjoxtuRyxdI4ThKfIx4/iVd6doBoE4EBAsPBcClyNuLVCgV4ON984CxNu+pQSLWmVic2yBY+d7w==",
        "dependencies": {
          "Azure.Messaging.ServiceBus": "7.20.1",
          "Diginsight.Diagnostics": "3.7.1.13",
          "Diginsight.SmartCache": "3.7.1.13",
          "Polly.Core": "8.6.6"
        }
      },
      "Diginsight.Stringify": {
        "type": "Direct",
        "requested": "[3.7.*, )",
        "resolved": "3.7.1.13",
        "contentHash": "2uZO2+2GhYlIxqvjh91zNBmTFZ7PZBuRNebnibu+AHZGXPWr5NPH07pTUlkWPDLbRWBQp5n7kpH9gjUxCanpXg==",
        "dependencies": {
          "Diginsight.Core": "3.7.1.13"
        }
      },
      "Microsoft.AspNetCore.Authentication.JwtBearer": {
        "type": "Direct",
        "requested": "[9.*, )",
        "resolved": "9.0.16",
        "contentHash": "/AvOo4HZY3w1Th2EDzKd5qWBSi2rIREKUQnyEpxs758zG0eu8cCd9qdHuHjiRX1ngaAqasNWlXgf3AwbXtIrIw==",
        "dependencies": {
          "Microsoft.IdentityModel.Protocols.OpenIdConnect": "8.0.1"
        }
      },
      "Microsoft.AspNetCore.Authentication.OpenIdConnect": {
        "type": "Direct",
        "requested": "[9.*, )",
        "resolved": "9.0.16",
        "contentHash": "7V+IIOiPs9H2GzrWnh1z0xP0ihjGB9ams+LuT99lfHM50pPX5OfaYXssySPr4oAUjKmiNFkLDUnY+wkh3ZRKgA==",
        "dependencies": {
          "Microsoft.IdentityModel.Protocols.OpenIdConnect": "8.0.1"
        }
      },
      "Microsoft.Identity.Web": {
        "type": "Direct",
        "requested": "[3.9.4, )",
        "resolved": "3.9.4",
        "contentHash": "pcvIoanA5PQ4AK6kJPNHsCsaUikOt2z/3jVe9kN9JH+Bjw7ka7SNCEttWACWIC4rG1Jz5EY1awacLWG7HABsrg==",
        "dependencies": {
          "Microsoft.Identity.Web.Certificate": "3.9.4",
          "Microsoft.Identity.Web.Certificateless": "3.9.4",
          "Microsoft.Identity.Web.TokenAcquisition": "3.9.4",
          "Microsoft.Identity.Web.TokenCache": "3.9.4",
          "Microsoft.IdentityModel.Protocols.OpenIdConnect": "8.12.1",
          "Microsoft.IdentityModel.Validators": "8.12.1",
          "System.IdentityModel.Tokens.Jwt": "8.12.1"
        }
      },
      "Microsoft.Identity.Web.DownstreamApi": {
        "type": "Direct",
        "requested": "[3.9.4, )",
        "resolved": "3.9.4",
        "contentHash": "jO0If4F6N5KvH2eroxoWhtoeQURwC8og/mnP5/9wszCB2DMYZfLzebgsiMtLMiX2BOMarGEPWABFZaHs4YsVBg==",
        "dependencies": {
          "Microsoft.Identity.Web.TokenAcquisition": "3.9.4"
        }
      },
      "Microsoft.Identity.Web.MicrosoftGraph": {
        "type": "Direct",
        "requested": "[3.9.4, )",
        "resolved": "3.9.4",
        "contentHash": "Xyzjv88XfcruwUI1voyi3Tbr+AI9Hw2fzdTM4Q3CW8rMnD+UHq1Z8H+G4+jqsEDtOvWsh8KFFdYaEaBZ8ttOLg==",
        "dependencies": {
          "Microsoft.Graph": "4.36.0",
          "Microsoft.Identity.Web.TokenAcquisition": "3.9.4"
        }
      },
      "Microsoft.Identity.Web.UI": {
        "type": "Direct",
        "requested": "[3.9.4, )",
        "resolved": "3.9.4",
        "contentHash": "rNOkk/lfA2to3MEd5TbCQ9J0fUN+Qtlwr6KkQ1Ejm6lxsja0+M4Oi5cjwRcEP/S5SbpwIrE18JGKOMNxmu80Xg==",
        "dependencies": {
          "Microsoft.Identity.Web": "3.9.4"
        }
      },
      "Microsoft.SourceLink.GitHub": {
        "type": "Direct",
        "requested": "[8.*, )",
        "resolved": "8.0.0",
        "contentHash": "G5q7OqtwIyGTkeIOAc3u2ZuV/kicQaec5EaRnc0pIeSnh9LUjj+PYQrJYBURvDt7twGl2PKA7nSN0kz1Zw5bnQ==",
        "dependencies": {
          "Microsoft.Build.Tasks.Git": "8.0.0",
          "Microsoft.SourceLink.Common": "8.0.0"
        }
      },
      "Swashbuckle.AspNetCore": {
        "type": "Direct",
        "requested": "[7.*, )",
        "resolved": "7.3.2",
        "contentHash": "WEkW7Cl8bexT75eURuqrqM/TQx+ftWKOWlCHzmw3Fl3oAmxiBO/lDVOuuqZsaBCHQIBcZxA6BbyiG5dv2mD2tw==",
        "dependencies": {
          "Microsoft.Extensions.ApiDescription.Server": "6.0.5",
          "Swashbuckle.AspNetCore.Swagger": "7.3.2",
          "Swashbuckle.AspNetCore.SwaggerGen": "7.3.2",
          "Swashbuckle.AspNetCore.SwaggerUI": "7.3.2"
        }
      },
      "Azure.Core": {
        "type": "Transitive",
        "resolved": "1.56.0",
        "contentHash": "svezaU2Dz6kdgxunqWNZuLFctcAcwYESUnPoPAzhj6QCLwvSZzyQks+eSsh3JWTsD5tUvrVyz2o1J4ZAIwuEZw==",
        "dependencies": {
          "Microsoft.Bcl.AsyncInterfaces": "10.0.3",
          "Microsoft.Identity.Client": "4.83.1",
          "Microsoft.Identity.Client.Extensions.Msal": "4.83.1",
          "System.ClientModel": "1.12.0",
          "System.Memory.Data": "10.0.3"
        }
      },
      "Azure.Core.Amqp": {
        "type": "Transitive",
        "resolved": "1.3.1",
        "contentHash": "AY1ZM4WwLBb9L2WwQoWs7wS2XKYg83tp3yVVdgySdebGN0FuIszuEqCy3Nhv6qHpbkjx/NGuOTsUbF/oNGBgwA==",
        "dependencies": {
          "Microsoft.Azure.Amqp": "2.6.7",
          "System.Memory.Data": "1.0.2"
        }
      },
      "Azure.Extensions.AspNetCore.Configuration.Secrets": {
        "type": "Transitive",
        "resolved": "1.5.1",
        "contentHash": "2Io9af/y8GH1jfu//BQrYcwb+MZOJG+au2KCv+ltWM6PBCghbhaDyZWDkYWNWIougZgoHtyKM0CnlGi+9XAu/A==",
        "dependencies": {
          "Azure.Core": "1.54.0",
          "Azure.Security.KeyVault.Secrets": "4.10.0"
        }
      },
      "Azure.Identity": {
        "type": "Transitive",
        "resolved": "1.21.0",
        "contentHash": "GeFv8sGwRKvDKwI2WFy8r0mhmlxEVZg24Sit2NogTjiSO8RVjllWM65OT6e1sKjOvG8V74y7hAbaELUUPjZQSw==",
        "dependencies": {
          "Azure.Core": "1.53.0"
        }
      },
      "Azure.Messaging.ServiceBus": {
        "type": "Transitive",
        "resolved": "7.20.1",
        "contentHash": "DxCkedWPQuiXrIyFcriOhsQcZmDZW+j9d55Ev4nnK3yjMUFjlVe4Hj37fuZTJlNhC3P+7EumqBTt33R6DfOxGA==",
        "dependencies": {
          "Azure.Core": "1.46.2",
          "Azure.Core.Amqp": "1.3.1",
          "Microsoft.Azure.Amqp": "2.7.0"
        }
      },
      "Azure.Monitor.OpenTelemetry.AspNetCore": {
        "type": "Transitive",
        "resolved": "1.5.0",
        "contentHash": "jXyeb4E5gB/VQt3EkNEyP1L+TgRT/66RcN21o0QQ3cIVywZC7V7I42s9cA7Yy9Ezd4RnSqATHb/c76QIMixF1Q==",
        "dependencies": {
          "Azure.Core": "1.54.0",
          "Azure.Monitor.OpenTelemetry.Exporter": "1.8.0",
          "OpenTelemetry.Extensions.Hosting": "1.15.3",
          "OpenTelemetry.Instrumentation.AspNetCore": "1.15.2",
          "OpenTelemetry.Instrumentation.Http": "1.15.1"
        }
      },
      "Azure.Monitor.OpenTelemetry.Exporter": {
        "type": "Transitive",
        "resolved": "1.8.0",
        "contentHash": "JbNUQIK7uZ7Mg2fZzdsjqC/eso3Ag/tMwCqYvGvedyE1fObe6JAwCaCSMZDMrhrAaFn8x8+ZaKJelfcEK5MCcg==",
        "dependencies": {
          "Azure.Core": "1.54.0",
          "OpenTelemetry.Extensions.Hosting": "1.15.3",
          "OpenTelemetry.PersistentStorage.FileSystem": "1.0.3"
        }
      },
      "Azure.Security.KeyVault.Certificates": {
        "type": "Transitive",
        "resolved": "4.6.0",
        "contentHash": "e2ATU/n2ZDL/S8A8EdrcfKEvKc2BojCrrSpmM+JKnrSTQS32x/W0Ldu8utk+epLKwXvSJRSWtlgdo7X8hG1mCg==",
        "dependencies": {
          "Azure.Core": "1.37.0"
        }
      },
      "Azure.Security.KeyVault.Secrets": {
        "type": "Transitive",
        "resolved": "4.10.0",
        "contentHash": "lcJtcgTkk1gGy59RQhGLJLMyad+zgASMn975PVjMft69q+jjFTo6Nyq5SCtOhPY1WvA0gNI1qYIVN2oikVXDjw==",
        "dependencies": {
          "Azure.Core": "1.53.0"
        }
      },
      "Diginsight.AspNetCore": {
        "type": "Transitive",
        "resolved": "3.7.1.13",
        "contentHash": "R2eK38IWYYJX2VKtwWITvwkTjUQ8Y3//PoGhhKyfC7wYgAzapum0RCCg893wQyupYqLWYz+FSy1GDCNBgN8x3w==",
        "dependencies": {
          "Diginsight.Core": "3.7.1.13",
          "Scrutor": "7.0.0"
        }
      },
      "Diginsight.Components.Configuration.Abstractions": {
        "type": "Transitive",
        "resolved": "1.0.0.103",
        "contentHash": "J9bgC1BMQ4yYUHF0h1IsDystoXasgmL41iBLdpxqMY4WIN7HyEvCeO99seZ0zC2dincUKkTU0MQM5WEqJhyQpg==",
        "dependencies": {
          "Diginsight.Core": "3.7.1.13",
          "Diginsight.Diagnostics": "3.7.1.13"
        }
      },
      "Diginsight.Diagnostics.AspNetCore": {
        "type": "Transitive",
        "resolved": "3.7.1.13",
        "contentHash": "bondYElMgAswOSfHzq4an1N8vfy5uRtjqpTugeSwiHKdww3UhrHvChQehEJreDl0Pi2Hkuv4JgJ1i1l8ixZW2A==",
        "dependencies": {
          "Diginsight.AspNetCore": "3.7.1.13",
          "Diginsight.Diagnostics": "3.7.1.13"
        }
      },
      "Diginsight.Diagnostics.OpenTelemetry": {
        "type": "Transitive",
        "resolved": "3.7.1.13",
        "contentHash": "YiRVCgzkBqWTIdCPz1YDKdn6Oex4mumYHuDnoh/HrDv9roCC13o7FjBKN/NpZ2dvSChFf8vepA0YG59P9pwmTA==",
        "dependencies": {
          "Diginsight.Diagnostics": "3.7.1.13",
          "OpenTelemetry.Extensions.Hosting": "1.15.3"
        }
      },
      "Diginsight.Polyfills": {
        "type": "Transitive",
        "resolved": "3.7.1.13",
        "contentHash": "yY4ERTz/zK/03uT0HjL5mcXCO3mpdWKA6QB+R1T0qCrKxRY6bq0ZB8PZT0EWDGqV6PsbEHHLOeYRo+FA4ypW6g=="
      },
      "Diginsight.SmartCache": {
        "type": "Transitive",
        "resolved": "3.7.1.13",
        "contentHash": "ezeRStJNElY5DT+ODoohtg1eagge/Oj/vKUHLWgiXDVjKQa1TKmqHjhaIvF60jXnviubY0JtauUsBO0EtWWCgw==",
        "dependencies": {
          "Diginsight.Core": "3.7.1.13",
          "Diginsight.Diagnostics": "3.7.1.13",
          "Newtonsoft.Json": "13.0.4"
        }
      },
      "Diginsight.SmartCache.Externalization.Http": {
        "type": "Transitive",
        "resolved": "3.7.1.13",
        "contentHash": "LIjr5iDjSAePrAFylLG5MH7uVLo2tbR9kEc4GjBPD5wYzEUWnTsZFA/9k4HMbV25J/d9U+Z72iDS7HYc1eOkZg==",
        "dependencies": {
          "Diginsight.Diagnostics": "3.7.1.13",
          "Diginsight.SmartCache": "3.7.1.13"
        }
      },
      "log4net": {
        "type": "Transitive",
        "resolved": "3.3.0",
        "contentHash": "wtZ7K4XGWDxeQqHbUybwIug/3AAzhKcmroLf4ENfE5GsaDIMqT3GLX24f18XPFY8Qg9vaxfMSAODwWAXqkjI/Q==",
        "dependencies": {
          "System.Configuration.ConfigurationManager": "4.5.0"
        }
      },
      "Microsoft.Azure.Amqp": {
        "type": "Transitive",
        "resolved": "2.7.0",
        "contentHash": "gm/AEakujttMzrDhZ5QpRz3fICVkYDn/oDG9SmxDP+J7R8JDBXYU9WWG7hr6wQy40mY+wjUF0yUGXDPRDRNJwQ=="
      },
      "Microsoft.Azure.Cosmos": {
        "type": "Transitive",
        "resolved": "3.60.0",
        "contentHash": "v7ff0uqu1wSgtqkCjGywDCChzLZjC1xytH+0Dmq7IUwG2oaDpFrKioXTv3f+K8oCjnLDIxqrqe21CTY8kK7gVA==",
        "dependencies": {
          "Azure.Core": "1.44.1",
          "Microsoft.Bcl.AsyncInterfaces": "6.0.0",
          "Microsoft.Bcl.HashCode": "1.1.0",
          "System.Configuration.ConfigurationManager": "6.0.0"
        }
      },
      "Microsoft.Bcl.AsyncInterfaces": {
        "type": "Transitive",
        "resolved": "10.0.3",
        "contentHash": "TV62UsrJZPX6gbt3c4WrtXh7bmaDIcMqf9uft1cc4L6gJXOU07hDGEh+bFQh/L2Az0R1WVOkiT66lFqS6G2NmA=="
      },
      "Microsoft.Bcl.HashCode": {
        "type": "Transitive",
        "resolved": "1.1.0",
        "contentHash": "J2G1k+u5unBV+aYcwxo94ip16Rkp65pgWFb0R6zwJipzWNMgvqlWeuI7/+R+e8bob66LnSG+llLJ+z8wI94cHg=="
      },
      "Microsoft.Build.Tasks.Git": {
        "type": "Transitive",
        "resolved": "8.0.0",
        "contentHash": "bZKfSIKJRXLTuSzLudMFte/8CempWjVamNUR5eHJizsy+iuOuO/k2gnh7W0dHJmYY0tBf+gUErfluCv5mySAOQ=="
      },
      "Microsoft.Extensions.ApiDescription.Server": {
        "type": "Transitive",
        "resolved": "6.0.5",
        "contentHash": "Ckb5EDBUNJdFWyajfXzUIMRkhf52fHZOQuuZg/oiu8y7zDCVwD0iHhew6MnThjHmevanpxL3f5ci2TtHQEN6bw=="
      },
      "Microsoft.Extensions.DependencyModel": {
        "type": "Transitive",
        "resolved": "10.0.0",
        "contentHash": "RFYJR7APio/BiqdQunRq6DB+nDB6nc2qhHr77mlvZ0q0BT8PubMXN7XicmfzCbrDE/dzhBnUKBRXLTcqUiZDGg=="
      },
      "Microsoft.Extensions.Logging.Log4Net.AspNetCore": {
        "type": "Transitive",
        "resolved": "10.0.0",
        "contentHash": "ASXCV+/IuxGCiXjRnrdL1waRKaCDcxkdL1U2yqteJzGcyXN+qLf6wTLBR12sQIhK36d1um6P55AaWqlXf+X0xg==",
        "dependencies": {
          "log4net": "3.3.0"
        }
      },
      "Microsoft.Graph": {
        "type": "Transitive",
        "resolved": "4.36.0",
        "contentHash": "KFsVgiQb7pyCZgD7oMkFGtq8jXdMc1n5W3mnsXSR7CkVvIOHKtddsWA01WxVYwfYpDO6lA0xRa/oeB2El574tw==",
        "dependencies": {
          "Microsoft.Graph.Core": "2.0.11"
        }
      },
      "Microsoft.Graph.Core": {
        "type": "Transitive",
        "resolved": "2.0.11",
        "contentHash": "okcJnzEndl+JQ0ymjfH4Zg6xKqrNijU6iJVJ4NOtMyz83wCP2kYigNRTHWLjMuu6BXuaPxEkZuxx0PlrWBuBXQ==",
        "dependencies": {
          "Azure.Core": "1.25.0",
          "Microsoft.Identity.Client": "4.46.0",
          "Microsoft.IdentityModel.Protocols.OpenIdConnect": "6.22.0"
        }
      },
      "Microsoft.Identity.Abstractions": {
        "type": "Transitive",
        "resolved": "9.1.0",
        "contentHash": "6xXC5DLWASaI/eyS7vq4Hs2MtC6wDBpQiMmSvg+KeQUpfOwbwaE/HRvaEB+Ic2DLdHizClPV5yg/HbtwbeGhNQ=="
      },
      "Microsoft.Identity.Client": {
        "type": "Transitive",
        "resolved": "4.84.0",
        "contentHash": "Ac2pabU2W+p9yxPaILnoKhjj3HYefuJpKHcngJSljs8LVS05I19UtsJvbIrphG4fbJSdUcwpnpNzhARz/98SCA==",
        "dependencies": {
          "Microsoft.IdentityModel.Abstractions": "8.14.0"
        }
      },
      "Microsoft.Identity.Client.Extensions.Msal": {
        "type": "Transitive",
        "resolved": "4.83.1",
        "contentHash": "I3k4J4Hj4KbLEFanjeUzzDOVecukETaTgEkJ7h2pP/Yazs6SLp6TVUTo/Eo+ptPXMwvc+iX7rBFtMSUrA7R+Mg==",
        "dependencies": {
          "Microsoft.Identity.Client": "4.83.1",
          "System.Security.Cryptography.ProtectedData": "4.5.0"
        }
      },
      "Microsoft.Identity.Web.Certificate": {
        "type": "Transitive",
        "resolved": "3.9.4",
        "contentHash": "+T6vimelYvIkVkLZKcFQfwCV9pkwu0kBxLkMw1y1HYLyN5LmSFMJAlq+XjtyHcdBcOJpSgA+a0/b/dfqMMc+Mg==",
        "dependencies": {
          "Azure.Identity": "1.11.4",
          "Azure.Security.KeyVault.Certificates": "4.6.0",
          "Azure.Security.KeyVault.Secrets": "4.6.0",
          "Microsoft.Identity.Abstractions": "9.1.0",
          "Microsoft.Identity.Web.Certificateless": "3.9.4",
          "Microsoft.Identity.Web.Diagnostics": "3.9.4"
        }
      },
      "Microsoft.Identity.Web.Certificateless": {
        "type": "Transitive",
        "resolved": "3.9.4",
        "contentHash": "pwVhrBj1VrG6wHqkNpcQNd3Dnb1M2HTBKYDnl/1hk6tVVdVYtZS/DpPdNFYXGukwjW2gYE15MLpQA/oREaDF/Q==",
        "dependencies": {
          "Microsoft.Identity.Client": "4.72.1",
          "Microsoft.IdentityModel.JsonWebTokens": "8.12.1"
        }
      },
      "Microsoft.Identity.Web.Diagnostics": {
        "type": "Transitive",
        "resolved": "3.9.4",
        "contentHash": "MnS4xOnrzHxNPz7ZCrUUZTMFwmeRmXGJ5BwsyFlkJWTF6KjDpBNIVX8hCy2d5X5ZnTvoH6qzY9d4MmAt0Lou2Q=="
      },
      "Microsoft.Identity.Web.TokenAcquisition": {
        "type": "Transitive",
        "resolved": "3.9.4",
        "contentHash": "A91AopQdcldS4P7N6tWAzttCDjjBv5VnQ7LLpciKYEonCdKXNRuCcwf0Dss7S4p4sZpTrd8gwf/cW8aaAnTmUw==",
        "dependencies": {
          "Microsoft.AspNetCore.Authentication.JwtBearer": "9.0.0",
          "Microsoft.AspNetCore.Authentication.OpenIdConnect": "9.0.0",
          "Microsoft.Identity.Abstractions": "9.1.0",
          "Microsoft.Identity.Web.Certificate": "3.9.4",
          "Microsoft.Identity.Web.Certificateless": "3.9.4",
          "Microsoft.Identity.Web.TokenCache": "3.9.4",
          "Microsoft.IdentityModel.Logging": "8.12.1",
          "Microsoft.IdentityModel.LoggingExtensions": "8.12.1",
          "Microsoft.IdentityModel.Protocols.OpenIdConnect": "8.12.1",
          "System.IdentityModel.Tokens.Jwt": "8.12.1"
        }
      },
      "Microsoft.Identity.Web.TokenCache": {
        "type": "Transitive",
        "resolved": "3.9.4",
        "contentHash": "+Dgkh3YUlaWswk0F9vArgrIluNe5eGePztf+IiRkJcOnXP/dbQk+AcSNWHTtiCWdG3RpwflKsTbOgUpwNtyTLw==",
        "dependencies": {
          "Microsoft.Identity.Client": "4.72.1",
          "Microsoft.Identity.Web.Diagnostics": "3.9.4",
          "System.Security.Cryptography.Pkcs": "9.0.0"
        }
      },
      "Microsoft.IdentityModel.Abstractions": {
        "type": "Transitive",
        "resolved": "8.18.0",
        "contentHash": "8VUcDy66uw1GUC/ytyRJAUgGxydPu2rLtUbUAiniCHd5SMB/01Q28XgqFyxIqb3srz6HWTgSsZdDbkdVJr3LXQ=="
      },
      "Microsoft.IdentityModel.JsonWebTokens": {
        "type": "Transitive",
        "resolved": "8.18.0",
        "contentHash": "ZUMJt3r1zOi67AVSfnh3u9hg9KCq06roOIX5gs7FqsucSZ/VTsI89DI9h2gHyU0xOtj/qVZV2ugWS6JlLMTwHQ==",
        "dependencies": {
          "Microsoft.IdentityModel.Tokens": "8.18.0"
        }
      },
      "Microsoft.IdentityModel.Logging": {
        "type": "Transitive",
        "resolved": "8.18.0",
        "contentHash": "c2l/VEtW1XI/ifcu49xzDwgrZZ0a0aX/TwCPC7mEHFQk/KixDgtSdjB5eDhYyCO38GJiRUjeRTz9aWCy1t55ww==",
        "dependencies": {
          "Microsoft.IdentityModel.Abstractions": "8.18.0"
        }
      },
      "Microsoft.IdentityModel.LoggingExtensions": {
        "type": "Transitive",
        "resolved": "8.12.1",
        "contentHash": "ac9Iz1ybs7A5AHnrXrOtcObRo0ZmVmQBti9XHMSVLz9WN62fd9R1UsliD9qqoUxX5og/aylpid9d4W9J22Ti2w==",
        "dependencies": {
          "Microsoft.IdentityModel.Abstractions": "8.12.1"
        }
      },
      "Microsoft.IdentityModel.Protocols": {
        "type": "Transitive",
        "resolved": "8.12.1",
        "contentHash": "+M1H++iZUISH76R0SEthCcYtMtX1HHL3Urhs8bprGl89eCVuJ/oYfyEqfgQZSF8ct7sDeOIFFeDtRi6hMJzYVw==",
        "dependencies": {
          "Microsoft.IdentityModel.Tokens": "8.12.1"
        }
      },
      "Microsoft.IdentityModel.Protocols.OpenIdConnect": {
        "type": "Transitive",
        "resolved": "8.12.1",
        "contentHash": "zw/suf3JPTfdLBHcymlUWONhZ1o/wU/OYcBmnluaTU7ziZylHPQIXxoF0byJcRUFtxhLz9KfeyaadQi7lpzJGA==",
        "dependencies": {
          "Microsoft.IdentityModel.Protocols": "8.12.1",
          "System.IdentityModel.Tokens.Jwt": "8.12.1"
        }
      },
      "Microsoft.IdentityModel.Tokens": {
        "type": "Transitive",
        "resolved": "8.18.0",
        "contentHash": "c6ksXXFj5oPPsl8pfsui5zv8Gs7uxrGetXCTc1p7k7Nue/C8iBMtAVgtRrH7Esqe596QWD7KS3exKYY1FJG2iw==",
        "dependencies": {
          "Microsoft.IdentityModel.Logging": "8.18.0"
        }
      },
      "Microsoft.IdentityModel.Validators": {
        "type": "Transitive",
        "resolved": "8.12.1",
        "contentHash": "tJIJfTL1ShyN165ZD5MrUkeO7IepREaREjEmjuVNIB8eDEEd/ZsDLWPeg4PyQWhabc+UW8Rao2o1ai5aVgELPQ==",
        "dependencies": {
          "Microsoft.IdentityModel.Protocols": "8.12.1",
          "Microsoft.IdentityModel.Protocols.OpenIdConnect": "8.12.1",
          "Microsoft.IdentityModel.Tokens": "8.12.1",
          "System.IdentityModel.Tokens.Jwt": "8.12.1"
        }
      },
      "Microsoft.OpenApi": {
        "type": "Transitive",
        "resolved": "1.6.22",
        "contentHash": "aBvunmrdu/x+4CaA/UP1Jx4xWGwk4kymhoIRnn2Vp+zi5/KOPQJ9EkSXHRUr01WcGKtYl3Au7XfkPJbU1G2sjQ=="
      },
      "Microsoft.SourceLink.Common": {
        "type": "Transitive",
        "resolved": "8.0.0",
        "contentHash": "dk9JPxTCIevS75HyEQ0E4OVAFhB2N+V9ShCXf8Q6FkUQZDkgLI12y679Nym1YqsiSysuQskT7Z+6nUf3yab6Vw=="
      },
      "Microsoft.Win32.SystemEvents": {
        "type": "Transitive",
        "resolved": "6.0.0",
        "contentHash": "hqTM5628jSsQiv+HGpiq3WKBl2c8v1KZfby2J6Pr7pEPlK9waPdgEO6b8A/+/xn/yZ9ulv8HuqK71ONy2tg67A=="
      },
      "Newtonsoft.Json": {
        "type": "Transitive",
        "resolved": "13.0.4",
        "contentHash": "pdgNNMai3zv51W5aq268sujXUyx7SNdE2bj1wZcWjAQrKMFZV260lbqYop1d2GM67JI1huLRwxo9ZqnfF/lC6A=="
      },
      "OpenTelemetry": {
        "type": "Transitive",
        "resolved": "1.15.3",
        "contentHash": "N0i6WjPoHPbZyms1ugbDIFAJFuGlpeExJMU/+XSL0lQRUkg/D0utFkDoLXf8Z1km5B+xVZ2GyMXXiX8qdeNmPg==",
        "dependencies": {
          "OpenTelemetry.Api.ProviderBuilderExtensions": "1.15.3"
        }
      },
      "OpenTelemetry.Api": {
        "type": "Transitive",
        "resolved": "1.15.3",
        "contentHash": "fX+fkCysfPut+qCcT3bKqyX4QN9Saf4CgX8HLOHywEVD+Xr7sULtfuypITpoDysjx8R59dn/3mWhgimMH8cm/g=="
      },
      "OpenTelemetry.Api.ProviderBuilderExtensions": {
        "type": "Transitive",
        "resolved": "1.15.3",
        "contentHash": "SYn0lqYDwLMWhv/zlNGsQcl2yX++yTumanX46bmOZE/ZDOd1WjPBO2kZaZgKLEZTZk48pavIFGJ6vOvxXgWVFQ==",
        "dependencies": {
          "OpenTelemetry.Api": "1.15.3"
        }
      },
      "OpenTelemetry.Extensions.Hosting": {
        "type": "Transitive",
        "resolved": "1.15.3",
        "contentHash": "u8n/W8yIlqv0BXZmvId1iVaeWXG42tGKdTkuLYg5g57Y/r9CeUNzqtrSHNdG5IoO8iPX79w3v+WsbAHgUQbfeg==",
        "dependencies": {
          "OpenTelemetry": "1.15.3"
        }
      },
      "OpenTelemetry.Instrumentation.AspNetCore": {
        "type": "Transitive",
        "resolved": "1.15.2",
        "contentHash": "2nPd7r0ug/gd6/CNFL6Rlu+RSQ9WYGSGHAYQ1ssbSqyzKJpqTunfx2I/1O0WB5k+L0cyXbG4XVZpoSoUc3M7wg==",
        "dependencies": {
          "OpenTelemetry.Api.ProviderBuilderExtensions": "[1.15.3, 2.0.0)"
        }
      },
      "OpenTelemetry.Instrumentation.Http": {
        "type": "Transitive",
        "resolved": "1.15.1",
        "contentHash": "vFO4Fj/dXkoVNGo/nhoGpO2zYQmZwr4jTID7oRGo+XlQ8LqksyZjUXQ4p39RfUvTID7IzzL8Qe71tW7CcAFymA==",
        "dependencies": {
          "OpenTelemetry.Api.ProviderBuilderExtensions": "[1.15.3, 2.0.0)"
        }
      },
      "OpenTelemetry.Instrumentation.Runtime": {
        "type": "Transitive",
        "resolved": "1.15.1",
        "contentHash": "cpPwlUT5HXcLGPaIgsbSy0W9eFYAPGVbTP1p8/uyQ4Osvf5BJuPpEXE7crL09SmEd44r0DGNKDtsqxaAz0HxQw==",
        "dependencies": {
          "OpenTelemetry.Api": "[1.15.3, 2.0.0)"
        }
      },
      "OpenTelemetry.PersistentStorage.Abstractions": {
        "type": "Transitive",
        "resolved": "1.0.3",
        "contentHash": "7nSE1uLY0KOHRssg1xQydDZJ/s9zECOzFT/gSDIp1KTxbgd1yziuMTsdBKZ/N1BbpUxfH6Pjq5OMd7lYogwReA=="
      },
      "OpenTelemetry.PersistentStorage.FileSystem": {
        "type": "Transitive",
        "resolved": "1.0.3",
        "contentHash": "3k+yCroJcGBtZIia+0LgzMlBuD0U95BzcWNEGWedusBaRAD8EmkaCPAUwaCtFbb/Mg7HywbIG2zuenANPYFJ0g==",
        "dependencies": {
          "OpenTelemetry.PersistentStorage.Abstractions": "1.0.3"
        }
      },
      "Pastel": {
        "type": "Transitive",
        "resolved": "7.0.1",
        "contentHash": "qLANIt80UgHVjEWtDJBpqunbhfqUVcSrY8SaZcJpfFDq3ZzzQntsNyWyizb9UoNHqvK/wRgENdI163CymyEbmQ=="
      },
      "Polly.Core": {
        "type": "Transitive",
        "resolved": "8.6.6",
        "contentHash": "lCBL9mmhF9TZxHG3beVRkyjlLohkIC464xIAq7J7Y59C+z42hmsdUaeCKl2SIAYertOUU5TeBXyQDLDQGIKePQ=="
      },
      "Scrutor": {
        "type": "Transitive",
        "resolved": "7.0.0",
        "contentHash": "wHWaroody48jnlLoq/REwUltIFLxplXyHTP+sttrc8P7+jkiVqf38afDidJNv4qgD/6zz2NKOYg06xLZ1bG7wQ==",
        "dependencies": {
          "Microsoft.Extensions.DependencyModel": "10.0.0"
        }
      },
      "Swashbuckle.AspNetCore.Swagger": {
        "type": "Transitive",
        "resolved": "7.3.2",
        "contentHash": "39Z2N3cLHDcDinu2IW5IaQO9wGPKTbc+vKbjIT/6gN3jFYypWY5U3O8i7Y9rmYDgxkm6niICnkcFZ3hEvikIHA==",
        "dependencies": {
          "Microsoft.OpenApi": "1.6.22"
        }
      },
      "Swashbuckle.AspNetCore.SwaggerGen": {
        "type": "Transitive",
        "resolved": "7.3.2",
        "contentHash": "x5famjpcgazpT/8eEIlpSYSTZDq6ojMARhuJgj6O67Uk+Yb1DdDM5yikdL7GK1pMk5rYBETUCRWYP6rp+vHnlA==",
        "dependencies": {
          "Swashbuckle.AspNetCore.Swagger": "7.3.2"
        }
      },
      "Swashbuckle.AspNetCore.SwaggerUI": {
        "type": "Transitive",
        "resolved": "7.3.2",
        "contentHash": "SNQuFjYin9KhkoCSVOD5/Y4VEyAjKBDeZkIqqY6x+oI21HMKzzVkeJA9V7tWFXf5df4m/+pTIlbKO7g5W9UroQ=="
      },
      "System.ClientModel": {
        "type": "Transitive",
        "resolved": "1.12.0",
        "contentHash": "Q1y42ycMycmeFth9WBly1cgG8rVlYivVtEry0Qri0dXDA3LiTcs7kE6nmcIQ7Nx0FAF9XepKXuT7iZnHHy1e/w==",
        "dependencies": {
          "System.Memory.Data": "10.0.3"
        }
      },
      "System.Configuration.ConfigurationManager": {
        "type": "Transitive",
        "resolved": "6.0.0",
        "contentHash": "7T+m0kDSlIPTHIkPMIu6m6tV6qsMqJpvQWW2jIc2qi7sn40qxFo0q+7mEQAhMPXZHMKnWrnv47ntGlM/ejvw3g==",
        "dependencies": {
          "System.Security.Cryptography.ProtectedData": "6.0.0",
          "System.Security.Permissions": "6.0.0"
        }
      },
      "System.Drawing.Common": {
        "type": "Transitive",
        "resolved": "6.0.0",
        "contentHash": "NfuoKUiP2nUWwKZN6twGqXioIe1zVD0RIj2t976A+czLHr2nY454RwwXs6JU9Htc6mwqL6Dn/nEL3dpVf2jOhg==",
        "dependencies": {
          "Microsoft.Win32.SystemEvents": "6.0.0"
        }
      },
      "System.IdentityModel.Tokens.Jwt": {
        "type": "Transitive",
        "resolved": "8.18.0",
        "contentHash": "JxKlBca3/eXeH4koAGjEXOwrBdtwyDXwHXdYT5TQunp64TcVBl4wBCfmlGwhSG017Q/Qrz24leLxV6v2eknnJg==",
        "dependencies": {
          "Microsoft.IdentityModel.JsonWebTokens": "8.18.0",
          "Microsoft.IdentityModel.Tokens": "8.18.0"
        }
      },
      "System.Linq.Async": {
        "type": "Transitive",
        "resolved": "6.0.3",
        "contentHash": "hSHiq2m1ky7zUQgTp+/2h1K3lABIQ+GltRixoclHPg/Sc1vnfeS6g/Uy5moOVZKrZJdQiFPFZd6OobBp3tZcFg=="
      },
      "System.Linq.Async.Queryable": {
        "type": "Transitive",
        "resolved": "6.0.3",
        "contentHash": "HmIPYQvfC5rzV06z+nXj6nYxbTqNxizM5c7F0o1PhG/Hf2O8jk2WnswpTOxfjpHXt3WG6Vctd0duolhVdkxVug==",
        "dependencies": {
          "System.Linq.Async": "6.0.3"
        }
      },
      "System.Memory.Data": {
        "type": "Transitive",
        "resolved": "10.0.3",
        "contentHash": "MaGhRfGunmrj/nHjtsi9XkhlYJ/ERGWrbA+BiSKNtGnAjc9XlG5EhAvak6VRcX5LYzPF6pBO8nJ613dTgzabig=="
      },
      "System.Security.Cryptography.Pkcs": {
        "type": "Transitive",
        "resolved": "9.0.0",
        "contentHash": "8tluJF8w9si+2yoHeL8rgVJS6lKvWomTDC8px65Z8MCzzdME5eaPtEQf4OfVGrAxB5fW93ncucy1+221O9EQaw=="
      },
      "System.Security.Cryptography.ProtectedData": {
        "type": "Transitive",
        "resolved": "9.0.16",
        "contentHash": "G+w5yDgpMowQx1+srOEYJKfPpwN5QgiXC3NW6JSh6+anb8VdpPeg8BJ7IjMvUVHdSYiPux02KqVQkrbuJEu2Zw=="
      },
      "System.Security.Permissions": {
        "type": "Transitive",
        "resolved": "6.0.0",
        "contentHash": "T/uuc7AklkDoxmcJ7LGkyX1CcSviZuLCa4jg3PekfJ7SU0niF0IVTXwUiNVP9DSpzou2PpxJ+eNY2IfDM90ZCg==",
        "dependencies": {
          "System.Windows.Extensions": "6.0.0"
        }
      },
      "System.Windows.Extensions": {
        "type": "Transitive",
        "resolved": "6.0.0",
        "contentHash": "IXoJOXIqc39AIe+CIR7koBtRGMiCt/LPM3lI+PELtDIy9XdyeSrwXFdWV9dzJ2Awl0paLWUaknLxFQ5HpHZUog==",
        "dependencies": {
          "System.Drawing.Common": "6.0.0"
        }
      }
    }
  }
}