{
  "version": 1,
  "dependencies": {
    "net8.0": {
      "Microsoft.AspNetCore.Authentication.JwtBearer": {
        "type": "Direct",
        "requested": "[8.*, )",
        "resolved": "8.0.7",
        "contentHash": "HXcmJizLBx9mP2XtHZZgvi3GZCrGg98PMQ9AozrF1/RqSffp9CqCiTdrz7TaFLqOUph/S4hqx/IJD18Al+zE+w==",
        "dependencies": {
          "Microsoft.IdentityModel.Protocols.OpenIdConnect": "7.1.2"
        }
      },
      "Microsoft.AspNetCore.Authentication.OpenIdConnect": {
        "type": "Direct",
        "requested": "[8.*, )",
        "resolved": "8.0.7",
        "contentHash": "xxELgu8n4FcBm7ntA8RBKhV3WSsme85iKWnQG/MUo2RNsvlU+nek8ASYCi2R9OmqygPGp874+U01IYZTN/7Teg==",
        "dependencies": {
          "Microsoft.IdentityModel.Protocols.OpenIdConnect": "7.1.2"
        }
      },
      "Microsoft.Graph": {
        "type": "Direct",
        "requested": "[5.*, )",
        "resolved": "5.56.0",
        "contentHash": "HUB0OLHvtohA2+ngnrGfXnwvMWos/3yVibQDoB9HSSgl7kH6bZ1GBElecQsg1nKWX9E0emxhC6DvznzCFneOMw==",
        "dependencies": {
          "Microsoft.Graph.Core": "3.1.12"
        }
      },
      "Microsoft.Graph.Core": {
        "type": "Direct",
        "requested": "[3.*, )",
        "resolved": "3.1.13",
        "contentHash": "kRfgV6f5wfXQs3lu3aTNVkUjxqDzyjg7MPcFNUMObZednXTcs57mPts4JGOpeR5Rvp71eio77vLIwVE/iZNxnQ==",
        "dependencies": {
          "Microsoft.IdentityModel.Protocols.OpenIdConnect": "7.6.2",
          "Microsoft.Kiota.Abstractions": "[1.9.6, 2.0.0)",
          "Microsoft.Kiota.Authentication.Azure": "[1.1.7, 2.0.0)",
          "Microsoft.Kiota.Http.HttpClientLibrary": "[1.4.3, 2.0.0)",
          "Microsoft.Kiota.Serialization.Form": "[1.2.5, 2.0.0)",
          "Microsoft.Kiota.Serialization.Json": "[1.3.3, 2.0.0)",
          "Microsoft.Kiota.Serialization.Multipart": "[1.1.5, 2.0.0)",
          "Microsoft.Kiota.Serialization.Text": "[1.2.2, 2.0.0)"
        }
      },
      "Microsoft.Identity.Web": {
        "type": "Direct",
        "requested": "[2.*, )",
        "resolved": "2.20.0",
        "contentHash": "2MMxPqrnREP3Z0aG3mIoVXv7F8LOJpoNS7R61gccbLpGpMJRK4aZBtgrzAB3J/eBl1VceoYcWVW/cT5VMBk+Xg==",
        "dependencies": {
          "Microsoft.Extensions.Http": "3.1.3",
          "Microsoft.Identity.Web.Certificate": "2.20.0",
          "Microsoft.Identity.Web.Certificateless": "2.20.0",
          "Microsoft.Identity.Web.TokenAcquisition": "2.20.0",
          "Microsoft.Identity.Web.TokenCache": "2.20.0",
          "Microsoft.IdentityModel.Protocols.OpenIdConnect": "7.6.0",
          "Microsoft.IdentityModel.Validators": "7.6.0",
          "System.IdentityModel.Tokens.Jwt": "7.6.0"
        }
      },
      "Microsoft.Identity.Web.DownstreamApi": {
        "type": "Direct",
        "requested": "[2.*, )",
        "resolved": "2.20.0",
        "contentHash": "J6DbXp40xNDWtGwhy27ZxTFZBGVxPLTbJU6sOqo988xIc3HMK+x4kTL5rrpts1W2Hb/CvORvfFmELVp3CvlcMw==",
        "dependencies": {
          "Microsoft.Extensions.Options.ConfigurationExtensions": "8.0.0",
          "Microsoft.Identity.Web.TokenAcquisition": "2.20.0"
        }
      },
      "Microsoft.Identity.Web.GraphServiceClient": {
        "type": "Direct",
        "requested": "[2.*, )",
        "resolved": "2.20.0",
        "contentHash": "vqY5jk1WXK28meTjNMI9+mthlBt/RhP0//v5HQixk3IY7/5dcgqqwTtGzSyeLDyXMlCy6EjSalWBmLD03DXpcg==",
        "dependencies": {
          "Microsoft.Graph": "5.40.0",
          "Microsoft.Identity.Web.TokenAcquisition": "2.20.0",
          "System.Diagnostics.DiagnosticSource": "8.0.0"
        }
      },
      "Microsoft.Identity.Web.UI": {
        "type": "Direct",
        "requested": "[2.*, )",
        "resolved": "2.20.0",
        "contentHash": "/MgpNQm0INi3oCl5/vKiSwHymJmO3zBDAQqemhVAcdzMmWId1V1ZH4FcR5Vm5aIoiIXr3aBKWlO8hoFU4MEQYA==",
        "dependencies": {
          "Microsoft.Identity.Web": "2.20.0"
        }
      },
      "Microsoft.SourceLink.GitHub": {
        "type": "Direct",
        "requested": "[8.*, )",
        "resolved": "8.0.0",
        "contentHash": "G5q7OqtwIyGTkeIOAc3u2ZuV/kicQaec5EaRnc0pIeSnh9LUjj+PYQrJYBURvDt7twGl2PKA7nSN0kz1Zw5bnQ==",
        "dependencies": {
          "Microsoft.Build.Tasks.Git": "8.0.0",
          "Microsoft.SourceLink.Common": "8.0.0"
        }
      },
      "Azure.Core": {
        "type": "Transitive",
        "resolved": "1.39.0",
        "contentHash": "9vaV4ZICtVQp+2wjOKrIAjEjMzBkUohaBbKGqqcTW993MRfHA0N4L1BszQjWynS7lRvlYQLxaFK4wh9ewNm4HQ==",
        "dependencies": {
          "Microsoft.Bcl.AsyncInterfaces": "1.1.1",
          "System.ClientModel": "1.0.0",
          "System.Diagnostics.DiagnosticSource": "6.0.1",
          "System.Memory.Data": "1.0.2",
          "System.Numerics.Vectors": "4.5.0",
          "System.Text.Encodings.Web": "4.7.2",
          "System.Text.Json": "4.7.2",
          "System.Threading.Tasks.Extensions": "4.5.4"
        }
      },
      "Azure.Identity": {
        "type": "Transitive",
        "resolved": "1.11.4",
        "contentHash": "Sf4BoE6Q3jTgFkgBkx7qztYOFELBCo+wQgpYDwal/qJ1unBH73ywPztIJKXBXORRzAeNijsuxhk94h0TIMvfYg==",
        "dependencies": {
          "Azure.Core": "1.38.0",
          "Microsoft.Identity.Client": "4.61.3",
          "Microsoft.Identity.Client.Extensions.Msal": "4.61.3",
          "System.Memory": "4.5.4",
          "System.Security.Cryptography.ProtectedData": "4.7.0",
          "System.Text.Json": "4.7.2",
          "System.Threading.Tasks.Extensions": "4.5.4"
        }
      },
      "Azure.Security.KeyVault.Certificates": {
        "type": "Transitive",
        "resolved": "4.6.0",
        "contentHash": "e2ATU/n2ZDL/S8A8EdrcfKEvKc2BojCrrSpmM+JKnrSTQS32x/W0Ldu8utk+epLKwXvSJRSWtlgdo7X8hG1mCg==",
        "dependencies": {
          "Azure.Core": "1.37.0",
          "System.Memory": "4.5.4",
          "System.Text.Json": "4.7.2",
          "System.Threading.Tasks.Extensions": "4.5.4"
        }
      },
      "Azure.Security.KeyVault.Secrets": {
        "type": "Transitive",
        "resolved": "4.6.0",
        "contentHash": "vwPceoznuT6glvirZcXlaCQrh1uzTSxpZUi2hRFNumHiS3hVyqIXI5fgWiLtlBzwqPJMTr0flUoSvGKjXXQlfg==",
        "dependencies": {
          "Azure.Core": "1.37.0",
          "System.Memory": "4.5.4",
          "System.Text.Json": "4.7.2",
          "System.Threading.Tasks.Extensions": "4.5.4"
        }
      },
      "Microsoft.AspNetCore.Cryptography.Internal": {
        "type": "Transitive",
        "resolved": "8.0.0",
        "contentHash": "buuMMCTxFcVkOkEftb2OafYxrveNGre9KJF4Oi1DkR4rxIj6oLam7Wq3g0Fp9hNVpJteKEPiupsxYnPrD/oUGA=="
      },
      "Microsoft.AspNetCore.DataProtection": {
        "type": "Transitive",
        "resolved": "8.0.0",
        "contentHash": "XNeup9/wVm9orvynhmhRHh1GOHbboXoCyz0jp+LcNcHWYyMEEJyZKSpyh3TNKgM9sBMIDwrj8aSVPm81GGjzNQ==",
        "dependencies": {
          "Microsoft.AspNetCore.Cryptography.Internal": "8.0.0",
          "Microsoft.AspNetCore.DataProtection.Abstractions": "8.0.0",
          "Microsoft.Extensions.DependencyInjection.Abstractions": "8.0.0",
          "Microsoft.Extensions.Hosting.Abstractions": "8.0.0",
          "Microsoft.Extensions.Logging.Abstractions": "8.0.0",
          "Microsoft.Extensions.Options": "8.0.0",
          "System.Security.Cryptography.Xml": "8.0.0"
        }
      },
      "Microsoft.AspNetCore.DataProtection.Abstractions": {
        "type": "Transitive",
        "resolved": "8.0.0",
        "contentHash": "ObNtj57DXbIIVAhNSKA6/c1/EaW35Dct480dzZ9NPXZ2fw3Z5FS/xiKKC7+1R2PBwt2Vw7a2Amu1tNvBKwyFNQ=="
      },
      "Microsoft.Bcl.AsyncInterfaces": {
        "type": "Transitive",
        "resolved": "1.1.1",
        "contentHash": "yuvf07qFWFqtK3P/MRkEKLhn5r2UbSpVueRziSqj0yJQIKFwG1pq9mOayK3zE5qZCTs0CbrwL9M6R8VwqyGy2w=="
      },
      "Microsoft.Build.Tasks.Git": {
        "type": "Transitive",
        "resolved": "8.0.0",
        "contentHash": "bZKfSIKJRXLTuSzLudMFte/8CempWjVamNUR5eHJizsy+iuOuO/k2gnh7W0dHJmYY0tBf+gUErfluCv5mySAOQ=="
      },
      "Microsoft.Extensions.Caching.Abstractions": {
        "type": "Transitive",
        "resolved": "8.0.0",
        "contentHash": "3KuSxeHoNYdxVYfg2IRZCThcrlJ1XJqIXkAWikCsbm5C/bCjv7G0WoKDyuR98Q+T607QT2Zl5GsbGRkENcV2yQ==",
        "dependencies": {
          "Microsoft.Extensions.Primitives": "8.0.0"
        }
      },
      "Microsoft.Extensions.Caching.Memory": {
        "type": "Transitive",
        "resolved": "8.0.0",
        "contentHash": "7pqivmrZDzo1ADPkRwjy+8jtRKWRCPag9qPI+p7sgu7Q4QreWhcvbiWXsbhP+yY8XSiDvZpu2/LWdBv7PnmOpQ==",
        "dependencies": {
          "Microsoft.Extensions.Caching.Abstractions": "8.0.0",
          "Microsoft.Extensions.DependencyInjection.Abstractions": "8.0.0",
          "Microsoft.Extensions.Logging.Abstractions": "8.0.0",
          "Microsoft.Extensions.Options": "8.0.0",
          "Microsoft.Extensions.Primitives": "8.0.0"
        }
      },
      "Microsoft.Extensions.Configuration.Abstractions": {
        "type": "Transitive",
        "resolved": "8.0.0",
        "contentHash": "3lE/iLSutpgX1CC0NOW70FJoGARRHbyKmG7dc0klnUZ9Dd9hS6N/POPWhKhMLCEuNN5nXEY5agmlFtH562vqhQ==",
        "dependencies": {
          "Microsoft.Extensions.Primitives": "8.0.0"
        }
      },
      "Microsoft.Extensions.Configuration.Binder": {
        "type": "Transitive",
        "resolved": "8.0.0",
        "contentHash": "mBMoXLsr5s1y2zOHWmKsE9veDcx8h1x/c3rz4baEdQKTeDcmQAPNbB54Pi/lhFO3K431eEq6PFbMgLaa6PHFfA==",
        "dependencies": {
          "Microsoft.Extensions.Configuration.Abstractions": "8.0.0"
        }
      },
      "Microsoft.Extensions.DependencyInjection": {
        "type": "Transitive",
        "resolved": "8.0.0",
        "contentHash": "V8S3bsm50ig6JSyrbcJJ8bW2b9QLGouz+G1miK3UTaOWmMtFwNNNzUf4AleyDWUmTrWMLNnFSLEQtxmxgNQnNQ==",
        "dependencies": {
          "Microsoft.Extensions.DependencyInjection.Abstractions": "8.0.0"
        }
      },
      "Microsoft.Extensions.DependencyInjection.Abstractions": {
        "type": "Transitive",
        "resolved": "8.0.0",
        "contentHash": "cjWrLkJXK0rs4zofsK4bSdg+jhDLTaxrkXu4gS6Y7MAlCvRyNNgwY/lJi5RDlQOnSZweHqoyvgvbdvQsRIW+hg=="
      },
      "Microsoft.Extensions.Diagnostics.Abstractions": {
        "type": "Transitive",
        "resolved": "8.0.0",
        "contentHash": "JHYCQG7HmugNYUhOl368g+NMxYE/N/AiclCYRNlgCY9eVyiBkOHMwK4x60RYMxv9EL3+rmj1mqHvdCiPpC+D4Q==",
        "dependencies": {
          "Microsoft.Extensions.DependencyInjection.Abstractions": "8.0.0",
          "Microsoft.Extensions.Options": "8.0.0",
          "System.Diagnostics.DiagnosticSource": "8.0.0"
        }
      },
      "Microsoft.Extensions.FileProviders.Abstractions": {
        "type": "Transitive",
        "resolved": "8.0.0",
        "contentHash": "ZbaMlhJlpisjuWbvXr4LdAst/1XxH3vZ6A0BsgTphZ2L4PGuxRLz7Jr/S7mkAAnOn78Vu0fKhEgNF5JO3zfjqQ==",
        "dependencies": {
          "Microsoft.Extensions.Primitives": "8.0.0"
        }
      },
      "Microsoft.Extensions.Hosting.Abstractions": {
        "type": "Transitive",
        "resolved": "8.0.0",
        "contentHash": "AG7HWwVRdCHlaA++1oKDxLsXIBxmDpMPb3VoyOoAghEWnkUvEAdYQUwnV4jJbAaa/nMYNiEh5ByoLauZBEiovg==",
        "dependencies": {
          "Microsoft.Extensions.Configuration.Abstractions": "8.0.0",
          "Microsoft.Extensions.DependencyInjection.Abstractions": "8.0.0",
          "Microsoft.Extensions.Diagnostics.Abstractions": "8.0.0",
          "Microsoft.Extensions.FileProviders.Abstractions": "8.0.0",
          "Microsoft.Extensions.Logging.Abstractions": "8.0.0"
        }
      },
      "Microsoft.Extensions.Http": {
        "type": "Transitive",
        "resolved": "3.1.3",
        "contentHash": "QV5ODk9CFm+//AsZQSm8sH33Li1a19PTy44Ln+FCd7YnNRcxxXgZGNCdQtJpKFBpaLjfdfaGUfqWWq3LID1GdA==",
        "dependencies": {
          "Microsoft.Extensions.DependencyInjection.Abstractions": "3.1.3",
          "Microsoft.Extensions.Logging": "3.1.3",
          "Microsoft.Extensions.Options": "3.1.3"
        }
      },
      "Microsoft.Extensions.Logging": {
        "type": "Transitive",
        "resolved": "8.0.0",
        "contentHash": "tvRkov9tAJ3xP51LCv3FJ2zINmv1P8Hi8lhhtcKGqM+ImiTCC84uOPEI4z8Cdq2C3o9e+Aa0Gw0rmrsJD77W+w==",
        "dependencies": {
          "Microsoft.Extensions.DependencyInjection": "8.0.0",
          "Microsoft.Extensions.Logging.Abstractions": "8.0.0",
          "Microsoft.Extensions.Options": "8.0.0"
        }
      },
      "Microsoft.Extensions.Logging.Abstractions": {
        "type": "Transitive",
        "resolved": "8.0.0",
        "contentHash": "arDBqTgFCyS0EvRV7O3MZturChstm50OJ0y9bDJvAcmEPJm0FFpFyjU/JLYyStNGGey081DvnQYlncNX5SJJGA==",
        "dependencies": {
          "Microsoft.Extensions.DependencyInjection.Abstractions": "8.0.0"
        }
      },
      "Microsoft.Extensions.Options": {
        "type": "Transitive",
        "resolved": "8.0.0",
        "contentHash": "JOVOfqpnqlVLUzINQ2fox8evY2SKLYJ3BV8QDe/Jyp21u1T7r45x/R/5QdteURMR5r01GxeJSBBUOCOyaNXA3g==",
        "dependencies": {
          "Microsoft.Extensions.DependencyInjection.Abstractions": "8.0.0",
          "Microsoft.Extensions.Primitives": "8.0.0"
        }
      },
      "Microsoft.Extensions.Options.ConfigurationExtensions": {
        "type": "Transitive",
        "resolved": "8.0.0",
        "contentHash": "0f4DMRqEd50zQh+UyJc+/HiBsZ3vhAQALgdkcQEalSH1L2isdC7Yj54M3cyo5e+BeO5fcBQ7Dxly8XiBBcvRgw==",
        "dependencies": {
          "Microsoft.Extensions.Configuration.Abstractions": "8.0.0",
          "Microsoft.Extensions.Configuration.Binder": "8.0.0",
          "Microsoft.Extensions.DependencyInjection.Abstractions": "8.0.0",
          "Microsoft.Extensions.Options": "8.0.0",
          "Microsoft.Extensions.Primitives": "8.0.0"
        }
      },
      "Microsoft.Extensions.Primitives": {
        "type": "Transitive",
        "resolved": "8.0.0",
        "contentHash": "bXJEZrW9ny8vjMF1JV253WeLhpEVzFo1lyaZu1vQ4ZxWUlVvknZ/+ftFgVheLubb4eZPSwwxBeqS1JkCOjxd8g=="
      },
      "Microsoft.Identity.Abstractions": {
        "type": "Transitive",
        "resolved": "6.0.0",
        "contentHash": "PkrmbwUuvEeOAvilvaGShs0TqYtKSRtyoWjqfWzw/nBgNClqUHanYlbZ4TiVt9Q+nfUO/pX20iul4pisapvZBg=="
      },
      "Microsoft.Identity.Client": {
        "type": "Transitive",
        "resolved": "4.61.3",
        "contentHash": "naJo/Qm35Caaoxp5utcw+R8eU8ZtLz2ALh8S+gkekOYQ1oazfCQMWVT4NJ/FnHzdIJlm8dMz0oMpMGCabx5odA==",
        "dependencies": {
          "Microsoft.IdentityModel.Abstractions": "6.35.0",
          "System.Diagnostics.DiagnosticSource": "6.0.1"
        }
      },
      "Microsoft.Identity.Client.Extensions.Msal": {
        "type": "Transitive",
        "resolved": "4.61.3",
        "contentHash": "PWnJcznrSGr25MN8ajlc2XIDW4zCFu0U6FkpaNLEWLgd1NgFCp5uDY3mqLDgM8zCN8hqj8yo5wHYfLB2HjcdGw==",
        "dependencies": {
          "Microsoft.Identity.Client": "4.61.3",
          "System.Security.Cryptography.ProtectedData": "4.5.0"
        }
      },
      "Microsoft.Identity.Web.Certificate": {
        "type": "Transitive",
        "resolved": "2.20.0",
        "contentHash": "yVMYYgEedZ1M03vrtc/NyH4vr343nrdsUgJyJ7kqaAozZdpIKaGh9xQLQnH9buKZnu7V5rkjYKfZMcyHqtlatw==",
        "dependencies": {
          "Azure.Identity": "1.11.4",
          "Azure.Security.KeyVault.Certificates": "4.6.0",
          "Azure.Security.KeyVault.Secrets": "4.6.0",
          "Microsoft.Identity.Abstractions": "6.0.0",
          "Microsoft.Identity.Web.Certificateless": "2.20.0",
          "Microsoft.Identity.Web.Diagnostics": "2.20.0"
        }
      },
      "Microsoft.Identity.Web.Certificateless": {
        "type": "Transitive",
        "resolved": "2.20.0",
        "contentHash": "2noOu1FrJGO4M33dy4o2W8rJEiifI5FlN1hA7FoVOsw3GCS1Upn2EWTq44ktyz3jwoWF1nrdzHs8h++CTN2WjQ==",
        "dependencies": {
          "Microsoft.Extensions.Logging.Abstractions": "2.1.0",
          "Microsoft.Identity.Client": "4.61.3",
          "Microsoft.IdentityModel.JsonWebTokens": "7.6.0",
          "System.Text.Encodings.Web": "4.7.2"
        }
      },
      "Microsoft.Identity.Web.Diagnostics": {
        "type": "Transitive",
        "resolved": "2.20.0",
        "contentHash": "gMe4LnP8jDwrDhxBvqCY0pRTExkG6oujWltO2GVvahkW7KsWGtBpJ5rRChgY2wFU28A4+28LMpImQPpQiJuHUA=="
      },
      "Microsoft.Identity.Web.TokenAcquisition": {
        "type": "Transitive",
        "resolved": "2.20.0",
        "contentHash": "usTD5C1TN+wKMe0KBWae+f6C8Io3WC5zfFvMU/zxKRP9qnR2aMwFNPwfdAALsZFtrQh3MWyN3lNZzfmRg20M3Q==",
        "dependencies": {
          "Microsoft.AspNetCore.Authentication.JwtBearer": "8.0.0",
          "Microsoft.AspNetCore.Authentication.OpenIdConnect": "8.0.0",
          "Microsoft.Extensions.Http": "3.1.3",
          "Microsoft.Extensions.Options.ConfigurationExtensions": "8.0.0",
          "Microsoft.Identity.Abstractions": "6.0.0",
          "Microsoft.Identity.Web.Certificate": "2.20.0",
          "Microsoft.Identity.Web.Certificateless": "2.20.0",
          "Microsoft.Identity.Web.TokenCache": "2.20.0",
          "Microsoft.IdentityModel.Logging": "7.6.0",
          "Microsoft.IdentityModel.LoggingExtensions": "7.6.0",
          "Microsoft.IdentityModel.Protocols.OpenIdConnect": "7.6.0",
          "System.IdentityModel.Tokens.Jwt": "7.6.0"
        }
      },
      "Microsoft.Identity.Web.TokenCache": {
        "type": "Transitive",
        "resolved": "2.20.0",
        "contentHash": "16UTQU4ovh6KxquKpkiw3KFEkXtVFbyebqC6thA4JlNyKHyPsb0eeKxVB0s93rBBat3ZsRhdLuq9uWNpTv515Q==",
        "dependencies": {
          "Microsoft.AspNetCore.DataProtection": "8.0.0",
          "Microsoft.Extensions.Caching.Memory": "8.0.0",
          "Microsoft.Extensions.Logging": "8.0.0",
          "Microsoft.Identity.Client": "4.61.3",
          "Microsoft.Identity.Web.Diagnostics": "2.20.0",
          "System.Security.Cryptography.Pkcs": "8.0.0",
          "System.Security.Cryptography.Xml": "8.0.0"
        }
      },
      "Microsoft.IdentityModel.Abstractions": {
        "type": "Transitive",
        "resolved": "7.6.2",
        "contentHash": "ULeyJwfYTMHOAArrBZorjPyM/BL5PFfwRzDtxlOxawO9vB/wVmHmbzZnOyHCOLJjel7XiVNmVnAs3H0jh4/9jQ=="
      },
      "Microsoft.IdentityModel.JsonWebTokens": {
        "type": "Transitive",
        "resolved": "7.6.2",
        "contentHash": "ySbY72MsWw7BnSZw0fCsmp/oMou8ntJkfuZUBcplV3ncXMzxcXCn3fK6Gg2YLnTT6F2G9JXl9zc2lwfVfGOWEA==",
        "dependencies": {
          "Microsoft.IdentityModel.Tokens": "7.6.2"
        }
      },
      "Microsoft.IdentityModel.Logging": {
        "type": "Transitive",
        "resolved": "7.6.2",
        "contentHash": "0brV311MYxGz7Numa+pbVsxbz5tfe2nbAig1b5tQb3h/L1y5lkoPyOgD0qAfI0iX1njbwr8l9NdxIT1cDbzWKA==",
        "dependencies": {
          "Microsoft.IdentityModel.Abstractions": "7.6.2"
        }
      },
      "Microsoft.IdentityModel.LoggingExtensions": {
        "type": "Transitive",
        "resolved": "7.6.0",
        "contentHash": "CpSsLQgDMnuxBkl/4BTvkCrdLz2nhVzS5kx5jV+GRnEtRh3WQW6ziu3WqJwJJ4bbl2wgUeAy+z6I7UAEh7m20A==",
        "dependencies": {
          "Microsoft.Extensions.Logging.Abstractions": "2.1.1",
          "Microsoft.IdentityModel.Abstractions": "7.6.0"
        }
      },
      "Microsoft.IdentityModel.Protocols": {
        "type": "Transitive",
        "resolved": "7.6.2",
        "contentHash": "6rzn6ectaS8L4ZrNxJ6Vab//LFBzgq674b30oPasNL2uIfeUcP6qZGwgHukQNdUEaSKQaJdASa18BGi3zQ6+Kw==",
        "dependencies": {
          "Microsoft.IdentityModel.Tokens": "7.6.2"
        }
      },
      "Microsoft.IdentityModel.Protocols.OpenIdConnect": {
        "type": "Transitive",
        "resolved": "7.6.2",
        "contentHash": "9lGSwJ4b1HmbRoXzSVPxOG1JYJIj4j+EBmE+hF2fY3x7RBUCqiNilFnziejgWJJuxtrT3hn4S80cu6U4/E9GZg==",
        "dependencies": {
          "Microsoft.IdentityModel.Protocols": "7.6.2",
          "System.IdentityModel.Tokens.Jwt": "7.6.2"
        }
      },
      "Microsoft.IdentityModel.Tokens": {
        "type": "Transitive",
        "resolved": "7.6.2",
        "contentHash": "pLnhCq9UNKWkn83zutkObYuzA+sOzx6VZpPI8hB8gD/vAXVt14D0SJ0sKPftwufvAbYGSNRda1vw/IFLbkjxNg==",
        "dependencies": {
          "Microsoft.IdentityModel.Logging": "7.6.2"
        }
      },
      "Microsoft.IdentityModel.Validators": {
        "type": "Transitive",
        "resolved": "7.6.0",
        "contentHash": "RsBUq+0caCRaCNk+rNgyJRCtTVF2dW1X2J+lT4apGXG7GVjJjQLlIqIhfBQ4Z+8joiqhxW55RgnzgXrUJQ1C6w==",
        "dependencies": {
          "Microsoft.IdentityModel.Protocols": "7.6.0",
          "Microsoft.IdentityModel.Protocols.OpenIdConnect": "7.6.0",
          "Microsoft.IdentityModel.Tokens": "7.6.0",
          "System.IdentityModel.Tokens.Jwt": "7.6.0"
        }
      },
      "Microsoft.Kiota.Abstractions": {
        "type": "Transitive",
        "resolved": "1.9.6",
        "contentHash": "idakGc1hM+N6JqAM5vGm2XtojjtPaFJFJTZHCbzO/PDqJfU08vHtDU+7PLoNKOj5B0RW14ef0KTc5Ko2SdEdxw==",
        "dependencies": {
          "Std.UriTemplate": "1.0.1"
        }
      },
      "Microsoft.Kiota.Authentication.Azure": {
        "type": "Transitive",
        "resolved": "1.1.7",
        "contentHash": "ew/DjKoWPeXI5Dqv+1xsAyee5VY+KSOLo1giLkiO8y66Nv/ld/xnJ34LbJlxB0F0kScwdjzSdqeswy2ms0lSxg==",
        "dependencies": {
          "Azure.Core": "1.39.0",
          "Microsoft.Kiota.Abstractions": "[1.9.1, 2.0.0)"
        }
      },
      "Microsoft.Kiota.Http.HttpClientLibrary": {
        "type": "Transitive",
        "resolved": "1.4.3",
        "contentHash": "axLzUosoRzLoC67RDuzzjSyGaY9Daw7TrCKOmXRosbWSa/Vy7bm1m5OI+pmPcL95EyCq1S9Y2Pmdl/qJQL1SRA==",
        "dependencies": {
          "Microsoft.Kiota.Abstractions": "[1.9.1, 2.0.0)"
        }
      },
      "Microsoft.Kiota.Serialization.Form": {
        "type": "Transitive",
        "resolved": "1.2.5",
        "contentHash": "NLOhlsDhVKcAuEfrIca+zoGxjoK6pEsxLPWTSjQrDVhH+psLQU5XjEqtSRFiAPf+M79xFVSWj67bC7ZACb1ZJw==",
        "dependencies": {
          "Microsoft.Kiota.Abstractions": "[1.9.1, 2.0.0)"
        }
      },
      "Microsoft.Kiota.Serialization.Json": {
        "type": "Transitive",
        "resolved": "1.3.3",
        "contentHash": "yO0QxjNdQH77Lk6jNxPWdSj48g03lZ1QCeXy83kKpEEh+ECuZDRecTiFBdtiHMDKJK+h+nYZ8tkNcKstSOnvpA==",
        "dependencies": {
          "Microsoft.Kiota.Abstractions": "[1.9.1, 2.0.0)"
        }
      },
      "Microsoft.Kiota.Serialization.Multipart": {
        "type": "Transitive",
        "resolved": "1.1.5",
        "contentHash": "oe2f6v3z/NemTlGvge6fJIftsx9bHQoAP2XGnp1z7MkDgMO8KRqJh5a1wSIyZZE5QMZedLlevT6zfsPiqNWEtg==",
        "dependencies": {
          "Microsoft.Kiota.Abstractions": "[1.9.1, 2.0.0)"
        }
      },
      "Microsoft.Kiota.Serialization.Text": {
        "type": "Transitive",
        "resolved": "1.2.2",
        "contentHash": "XJG0IpnfxaV2QxEslvDtPa1oPfeJ7H/s9O1EDA7Ox1CTvfUQwLQA60Sj0YsF3V6TzNAvXrjgriOlWc5zIMiebA==",
        "dependencies": {
          "Microsoft.Kiota.Abstractions": "[1.9.1, 2.0.0)"
        }
      },
      "Microsoft.SourceLink.Common": {
        "type": "Transitive",
        "resolved": "8.0.0",
        "contentHash": "dk9JPxTCIevS75HyEQ0E4OVAFhB2N+V9ShCXf8Q6FkUQZDkgLI12y679Nym1YqsiSysuQskT7Z+6nUf3yab6Vw=="
      },
      "Std.UriTemplate": {
        "type": "Transitive",
        "resolved": "1.0.1",
        "contentHash": "/NpJfTWFUGQPG+SEsBDEWIvErf2xv4ZlPR5afltX+kX3v09+d+E77tXkoGjzmmR6fkezfA5uir+0OnR1lW9RjQ=="
      },
      "System.ClientModel": {
        "type": "Transitive",
        "resolved": "1.0.0",
        "contentHash": "I3CVkvxeqFYjIVEP59DnjbeoGNfo/+SZrCLpRz2v/g0gpCHaEMPtWSY0s9k/7jR1rAsLNg2z2u1JRB76tPjnIw==",
        "dependencies": {
          "System.Memory.Data": "1.0.2",
          "System.Text.Json": "4.7.2"
        }
      },
      "System.Diagnostics.DiagnosticSource": {
        "type": "Transitive",
        "resolved": "8.0.0",
        "contentHash": "c9xLpVz6PL9lp/djOWtk5KPDZq3cSYpmXoJQY524EOtuFl5z9ZtsotpsyrDW40U1DRnQSYvcPKEUV0X//u6gkQ=="
      },
      "System.Formats.Asn1": {
        "type": "Transitive",
        "resolved": "8.0.0",
        "contentHash": "AJukBuLoe3QeAF+mfaRKQb2dgyrvt340iMBHYv+VdBzCUM06IxGlvl0o/uPOS7lHnXPN6u8fFRHSHudx5aTi8w=="
      },
      "System.IdentityModel.Tokens.Jwt": {
        "type": "Transitive",
        "resolved": "7.6.2",
        "contentHash": "dyvPIzxohovbECESKj9ep7yShujU5oN9dKYR3ivvoTM7nLANNrBC5jN9ysZfY5Hp/Xs0R1b79IsdHuu6D4xwow==",
        "dependencies": {
          "Microsoft.IdentityModel.JsonWebTokens": "7.6.2",
          "Microsoft.IdentityModel.Tokens": "7.6.2"
        }
      },
      "System.Memory": {
        "type": "Transitive",
        "resolved": "4.5.4",
        "contentHash": "1MbJTHS1lZ4bS4FmsJjnuGJOu88ZzTT2rLvrhW7Ygic+pC0NWA+3hgAen0HRdsocuQXCkUTdFn9yHJJhsijDXw=="
      },
      "System.Memory.Data": {
        "type": "Transitive",
        "resolved": "1.0.2",
        "contentHash": "JGkzeqgBsiZwKJZ1IxPNsDFZDhUvuEdX8L8BDC8N3KOj+6zMcNU28CNN59TpZE/VJYy9cP+5M+sbxtWJx3/xtw==",
        "dependencies": {
          "System.Text.Encodings.Web": "4.7.2",
          "System.Text.Json": "4.6.0"
        }
      },
      "System.Numerics.Vectors": {
        "type": "Transitive",
        "resolved": "4.5.0",
        "contentHash": "QQTlPTl06J/iiDbJCiepZ4H//BVraReU4O4EoRw1U02H5TLUIT7xn3GnDp9AXPSlJUDyFs4uWjWafNX6WrAojQ=="
      },
      "System.Security.Cryptography.Pkcs": {
        "type": "Transitive",
        "resolved": "8.0.0",
        "contentHash": "ULmp3xoOwNYjOYp4JZ2NK/6NdTgiN1GQXzVVN1njQ7LOZ0d0B9vyMnhyqbIi9Qw4JXj1JgCsitkTShboHRx7Eg==",
        "dependencies": {
          "System.Formats.Asn1": "8.0.0"
        }
      },
      "System.Security.Cryptography.ProtectedData": {
        "type": "Transitive",
        "resolved": "4.7.0",
        "contentHash": "ehYW0m9ptxpGWvE4zgqongBVWpSDU/JCFD4K7krxkQwSz/sFQjEXCUqpvencjy6DYDbn7Ig09R8GFffu8TtneQ=="
      },
      "System.Security.Cryptography.Xml": {
        "type": "Transitive",
        "resolved": "8.0.0",
        "contentHash": "HQSFbakswZ1OXFz2Bt3AJlC6ENDqWeVpgqhf213xqQUMDifzydOHIKVb1RV4prayobvR3ETIScMaQdDF2hwGZA==",
        "dependencies": {
          "System.Security.Cryptography.Pkcs": "8.0.0"
        }
      },
      "System.Text.Encodings.Web": {
        "type": "Transitive",
        "resolved": "4.7.2",
        "contentHash": "iTUgB/WtrZ1sWZs84F2hwyQhiRH6QNjQv2DkwrH+WP6RoFga2Q1m3f9/Q7FG8cck8AdHitQkmkXSY8qylcDmuA=="
      },
      "System.Text.Json": {
        "type": "Transitive",
        "resolved": "4.7.2",
        "contentHash": "TcMd95wcrubm9nHvJEQs70rC0H/8omiSGGpU4FQ/ZA1URIqD4pjmFJh2Mfv1yH1eHgJDWTi2hMDXwTET+zOOyg=="
      },
      "System.Threading.Tasks.Extensions": {
        "type": "Transitive",
        "resolved": "4.5.4",
        "contentHash": "zteT+G8xuGu6mS+mzDzYXbzS7rd3K6Fjb9RiZlYlJPam2/hU7JCBZBVEcywNuR+oZ1ncTvc/cq0faRr3P01OVg=="
      }
    }
  }
}