
Microsoft Visual Studio Solution File, Format Version 12.00
# Visual Studio Version 17
VisualStudioVersion = 17.10.34916.146
MinimumVisualStudioVersion = 10.0.40219.1
Project("{2150E333-8FDC-42A3-9474-1A3956D46DE8}") = "Solution Items", "Solution Items", "{9D97AD3A-A8AC-47AB-B9BA-FF0CDB665F28}"
	ProjectSection(SolutionItems) = preProject
		Directory.Build.props = Directory.Build.props
		Directory.Build.targets = Directory.Build.targets
	EndProjectSection
EndProject
Project("{9A19103F-16F7-4668-BE54-9A1E7A4F7556}") = "AuthenticationSampleApi", "01. Authentication\AuthenticationSampleApi\AuthenticationSampleApi.csproj", "{2E274394-C051-4A02-844C-2948D71547E5}"
EndProject
Project("{2150E333-8FDC-42A3-9474-1A3956D46DE8}") = "01. Authentication", "01. Authentication", "{4ED846D8-FA3A-4781-9CD6-8D8D0B6F22CF}"
EndProject
Project("{2150E333-8FDC-42A3-9474-1A3956D46DE8}") = "02. OpenAPI", "02. OpenAPI", "{B5238526-7228-48D6-9959-0A1FFBE196DD}"
EndProject
Project("{2150E333-8FDC-42A3-9474-1A3956D46DE8}") = "10. AI", "10. AI", "{4A1F2D54-C6AD-486D-AAC6-4739DD2564FA}"
EndProject
Project("{2150E333-8FDC-42A3-9474-1A3956D46DE8}") = "11. OpenAI", "11. OpenAI", "{D74A9E51-4A3E-4034-B662-4772A018E3B5}"
EndProject
Project("{2150E333-8FDC-42A3-9474-1A3956D46DE8}") = "Json2Csv", "Json2Csv", "{095D6B0D-206E-4792-AF4B-6795F1BF999B}"
EndProject
Project("{9A19103F-16F7-4668-BE54-9A1E7A4F7556}") = "Json2Csv", "Json2Csv\Json2Csv.csproj", "{FBEF37D8-4F81-4CD9-94D1-480B42769E41}"
EndProject
Project("{9A19103F-16F7-4668-BE54-9A1E7A4F7556}") = "AuthenticationSampleClient", "01. Authentication\AuthenticationSampleClient\AuthenticationSampleClient.csproj", "{177E4962-B062-445F-9C44-121001803D6F}"
EndProject
Project("{9A19103F-16F7-4668-BE54-9A1E7A4F7556}") = "AuthenticationSampleWebapp", "01. Authentication\AuthenticationSampleWebapp\AuthenticationSampleWebapp.csproj", "{C4C89811-5D55-4269-8324-64BC4F0C8DC0}"
EndProject
Project("{9A19103F-16F7-4668-BE54-9A1E7A4F7556}") = "AuthenticationSampleBlazorapp", "01. Authentication\AuthenticationSampleBlazorapp\AuthenticationSampleBlazorapp\AuthenticationSampleBlazorapp.csproj", "{B58470D6-A40C-4ECE-9876-33924E2DF7D9}"
EndProject
Project("{9A19103F-16F7-4668-BE54-9A1E7A4F7556}") = "AuthenticationSampleBlazorapp.Client", "01. Authentication\AuthenticationSampleBlazorapp\AuthenticationSampleBlazorapp.Client\AuthenticationSampleBlazorapp.Client.csproj", "{EF603D52-AE90-49FC-81BA-99080BC0B77B}"
EndProject
Project("{9A19103F-16F7-4668-BE54-9A1E7A4F7556}") = "AuthenticationSampleBlazorappClient", "01. Authentication\AuthenticationSampleBlazorAppClient\AuthenticationSampleBlazorappClient.csproj", "{4CC8CF8F-AD59-4C6A-997B-0CDB18DF1F9B}"
EndProject
Project("{2150E333-8FDC-42A3-9474-1A3956D46DE8}") = "03. Azure", "03. Azure", "{90BD4A5D-1B66-4D40-9EAA-8F894953694F}"
EndProject
Project("{2150E333-8FDC-42A3-9474-1A3956D46DE8}") = "03.01 AzureFunctions", "03.01 AzureFunctions", "{7C281AAE-282A-48D8-9F30-A27E48691D65}"
EndProject
Project("{9A19103F-16F7-4668-BE54-9A1E7A4F7556}") = "Basic", "03.01 AzureFunctions\01. Basic\Basic.csproj", "{DDC783F4-8348-41C0-ADFD-3B6FDE49238A}"
EndProject
Project("{9A19103F-16F7-4668-BE54-9A1E7A4F7556}") = "IsolatedSample", "03.01 AzureFunctions\02. Isolated\IsolatedSample.csproj", "{24B87E44-8DCD-4FC4-8F50-E9E016F18EE6}"
EndProject
Global
	GlobalSection(SolutionConfigurationPlatforms) = preSolution
		Debug|Any CPU = Debug|Any CPU
		Release|Any CPU = Release|Any CPU
	EndGlobalSection
	GlobalSection(ProjectConfigurationPlatforms) = postSolution
		{2E274394-C051-4A02-844C-2948D71547E5}.Debug|Any CPU.ActiveCfg = Debug|Any CPU
		{2E274394-C051-4A02-844C-2948D71547E5}.Debug|Any CPU.Build.0 = Debug|Any CPU
		{2E274394-C051-4A02-844C-2948D71547E5}.Release|Any CPU.ActiveCfg = Release|Any CPU
		{2E274394-C051-4A02-844C-2948D71547E5}.Release|Any CPU.Build.0 = Release|Any CPU
		{FBEF37D8-4F81-4CD9-94D1-480B42769E41}.Debug|Any CPU.ActiveCfg = Debug|Any CPU
		{FBEF37D8-4F81-4CD9-94D1-480B42769E41}.Debug|Any CPU.Build.0 = Debug|Any CPU
		{FBEF37D8-4F81-4CD9-94D1-480B42769E41}.Release|Any CPU.ActiveCfg = Release|Any CPU
		{FBEF37D8-4F81-4CD9-94D1-480B42769E41}.Release|Any CPU.Build.0 = Release|Any CPU
		{177E4962-B062-445F-9C44-121001803D6F}.Debug|Any CPU.ActiveCfg = Debug|Any CPU
		{177E4962-B062-445F-9C44-121001803D6F}.Debug|Any CPU.Build.0 = Debug|Any CPU
		{177E4962-B062-445F-9C44-121001803D6F}.Release|Any CPU.ActiveCfg = Release|Any CPU
		{177E4962-B062-445F-9C44-121001803D6F}.Release|Any CPU.Build.0 = Release|Any CPU
		{C4C89811-5D55-4269-8324-64BC4F0C8DC0}.Debug|Any CPU.ActiveCfg = Debug|Any CPU
		{C4C89811-5D55-4269-8324-64BC4F0C8DC0}.Debug|Any CPU.Build.0 = Debug|Any CPU
		{C4C89811-5D55-4269-8324-64BC4F0C8DC0}.Release|Any CPU.ActiveCfg = Release|Any CPU
		{C4C89811-5D55-4269-8324-64BC4F0C8DC0}.Release|Any CPU.Build.0 = Release|Any CPU
		{B58470D6-A40C-4ECE-9876-33924E2DF7D9}.Debug|Any CPU.ActiveCfg = Debug|Any CPU
		{B58470D6-A40C-4ECE-9876-33924E2DF7D9}.Debug|Any CPU.Build.0 = Debug|Any CPU
		{B58470D6-A40C-4ECE-9876-33924E2DF7D9}.Release|Any CPU.ActiveCfg = Release|Any CPU
		{B58470D6-A40C-4ECE-9876-33924E2DF7D9}.Release|Any CPU.Build.0 = Release|Any CPU
		{EF603D52-AE90-49FC-81BA-99080BC0B77B}.Debug|Any CPU.ActiveCfg = Debug|Any CPU
		{EF603D52-AE90-49FC-81BA-99080BC0B77B}.Debug|Any CPU.Build.0 = Debug|Any CPU
		{EF603D52-AE90-49FC-81BA-99080BC0B77B}.Release|Any CPU.ActiveCfg = Release|Any CPU
		{EF603D52-AE90-49FC-81BA-99080BC0B77B}.Release|Any CPU.Build.0 = Release|Any CPU
		{4CC8CF8F-AD59-4C6A-997B-0CDB18DF1F9B}.Debug|Any CPU.ActiveCfg = Debug|Any CPU
		{4CC8CF8F-AD59-4C6A-997B-0CDB18DF1F9B}.Debug|Any CPU.Build.0 = Debug|Any CPU
		{4CC8CF8F-AD59-4C6A-997B-0CDB18DF1F9B}.Release|Any CPU.ActiveCfg = Release|Any CPU
		{4CC8CF8F-AD59-4C6A-997B-0CDB18DF1F9B}.Release|Any CPU.Build.0 = Release|Any CPU
		{DDC783F4-8348-41C0-ADFD-3B6FDE49238A}.Debug|Any CPU.ActiveCfg = Debug|Any CPU
		{DDC783F4-8348-41C0-ADFD-3B6FDE49238A}.Debug|Any CPU.Build.0 = Debug|Any CPU
		{DDC783F4-8348-41C0-ADFD-3B6FDE49238A}.Release|Any CPU.ActiveCfg = Release|Any CPU
		{DDC783F4-8348-41C0-ADFD-3B6FDE49238A}.Release|Any CPU.Build.0 = Release|Any CPU
		{24B87E44-8DCD-4FC4-8F50-E9E016F18EE6}.Debug|Any CPU.ActiveCfg = Debug|Any CPU
		{24B87E44-8DCD-4FC4-8F50-E9E016F18EE6}.Debug|Any CPU.Build.0 = Debug|Any CPU
		{24B87E44-8DCD-4FC4-8F50-E9E016F18EE6}.Release|Any CPU.ActiveCfg = Release|Any CPU
		{24B87E44-8DCD-4FC4-8F50-E9E016F18EE6}.Release|Any CPU.Build.0 = Release|Any CPU
	EndGlobalSection
	GlobalSection(SolutionProperties) = preSolution
		HideSolutionNode = FALSE
	EndGlobalSection
	GlobalSection(NestedProjects) = preSolution
		{2E274394-C051-4A02-844C-2948D71547E5} = {4ED846D8-FA3A-4781-9CD6-8D8D0B6F22CF}
		{FBEF37D8-4F81-4CD9-94D1-480B42769E41} = {095D6B0D-206E-4792-AF4B-6795F1BF999B}
		{177E4962-B062-445F-9C44-121001803D6F} = {4ED846D8-FA3A-4781-9CD6-8D8D0B6F22CF}
		{C4C89811-5D55-4269-8324-64BC4F0C8DC0} = {4ED846D8-FA3A-4781-9CD6-8D8D0B6F22CF}
		{B58470D6-A40C-4ECE-9876-33924E2DF7D9} = {4ED846D8-FA3A-4781-9CD6-8D8D0B6F22CF}
		{EF603D52-AE90-49FC-81BA-99080BC0B77B} = {4ED846D8-FA3A-4781-9CD6-8D8D0B6F22CF}
		{4CC8CF8F-AD59-4C6A-997B-0CDB18DF1F9B} = {4ED846D8-FA3A-4781-9CD6-8D8D0B6F22CF}
		{DDC783F4-8348-41C0-ADFD-3B6FDE49238A} = {7C281AAE-282A-48D8-9F30-A27E48691D65}
		{24B87E44-8DCD-4FC4-8F50-E9E016F18EE6} = {7C281AAE-282A-48D8-9F30-A27E48691D65}
	EndGlobalSection
	GlobalSection(ExtensibilityGlobals) = postSolution
		SolutionGuid = {858CD56C-FC27-4CE7-B31A-EB825F742423}
	EndGlobalSection
EndGlobal
