<Solution>
  <Folder Name="/01. Authentication/">
    <Project Path="01. Authentication/AuthenticationSampleApi/AuthenticationSampleApi.csproj" />
    <Project Path="01. Authentication/AuthenticationSampleClient/AuthenticationSampleClient.csproj" />
    <Project Path="01. Authentication/AuthenticationSampleServerApi/AuthenticationSampleServerApi.csproj" />
  </Folder>
  <Folder Name="/02. OpenAPI/" />
  <Folder Name="/03.00 AzureStorage/" />
  <Folder Name="/03.00 AzureStorage/01 TableStorage/">
    <Project Path="03.00 AzureStorage/01 TableStorage/TableStorageSampleAPI.csproj" />
  </Folder>
  <Folder Name="/03.00 AzureStorage/02 BlobStorage/" />
  <Folder Name="/03.00 AzureStorage/03 BlobQueues/" />
  <Folder Name="/03.01 CosmosDB/">
    <Project Path="03.01 CosmosDB/CosmosdbConsole/CosmosdbConsole.csproj" />
    <Project Path="03.01 CosmosDB/IdentityAPI/IdentityAPI.csproj" />
    <Project Path="03.01 CosmosDB/LocationAPI/LocationAPI.csproj" />
  </Folder>
  <Folder Name="/03.02 AzureSql/" />
  <Folder Name="/03.03 DataExplorer/" />
  <Folder Name="/03.05 ServiceBus/" />
  <Folder Name="/03.06 EventHub/" />
  <Folder Name="/03.07 IotHub/" />
  <Folder Name="/03.09 AzureFunctions/" />
  <Folder Name="/10. AI/" />
  <Folder Name="/10. AI/NewFolder1/" />
  <Folder Name="/11. OpenAI/" />
  <Folder Name="/20. Validation/">
    <Project Path="20.01 Validation/Page2Clipboard/Page2Clipboard.csproj" />
  </Folder>
  <Folder Name="/90.01 AzureBilling/" />
  <Folder Name="/90.01 AzureBilling/01.01_BlazorSample/">
    <Project Path="30.01 Web/01.01_BlazorSample/BlazorApp.Api/BlazorApp.Api.csproj" Id="58681353-b518-45de-8b85-59b9d310facc" />
    <Project Path="30.01 Web/01.01_BlazorSample/BlazorApp.Client/BlazorApp.Client.csproj" Id="3e53aab3-03ac-4b57-ac01-b84efb63f07f" />
    <Project Path="30.01 Web/01.01_BlazorSample/BlazorApp.Models/BlazorApp.Models.csproj" />
  </Folder>
  <Folder Name="/90.01 AzureBilling/01.02_BlazorSample/">
    <Project Path="30.01 Web/01.02_BlazorSample/BlazorAspireApp/BlazorAspireApp.ApiService/BlazorAspireApp.ApiService.csproj" />
    <Project Path="30.01 Web/01.02_BlazorSample/BlazorAspireApp/BlazorAspireApp.AppHost/BlazorAspireApp.AppHost.csproj" Id="e7a89578-abaf-4341-9c5c-dad41b3ac3cf" />
    <Project Path="30.01 Web/01.02_BlazorSample/BlazorAspireApp/BlazorAspireApp.ServiceDefaults/BlazorAspireApp.ServiceDefaults.csproj" />
    <Project Path="30.01 Web/01.02_BlazorSample/BlazorAspireApp/BlazorAspireApp.Web/BlazorAspireApp.Web.csproj" />
  </Folder>
  <Folder Name="/90.01 AzureBilling/05.01_ReactSample/">
    <Project Path="30.01 Web/02.01_ReactSample/ReactApp.Api/ReactApp.Api.csproj" />
  </Folder>
  <Folder Name="/Json2Csv/" />
  <Folder Name="/Solution Items/">
    <File Path="Directory.Build.props" />
    <File Path="Directory.Build.targets" />
  </Folder>
  <Folder Name="/_prompts/" />
</Solution>
